// !$*UTF8*$!
{
	archiveVersion = 1;
	classes = {
	};
	objectVersion = 46;
	objects = {

/* Begin PBXAggregateTarget section */
		38A1E6F31F318570DF5C035A /* PFMProject0 - All */ = {
			isa = PBXAggregateTarget;
			buildConfigurationList = F28322A961E5B0434E86A523;
			buildPhases = (
			);
			dependencies = (
				45E190998327BCB5E3B8DDAD,
				159148EF8B6D79A8ED560367,
				8E058EA71F506E43515CC063,
				CAAD2FF937EE90A0ED035D6B,
			);
			name = "PFMProject0 - All";
			productName = PFMProject0;
		};
/* End PBXAggregateTarget section */

/* Begin PBXBuildFile section */
		02A7407309CC5B8F932079BB /* CoreMIDI.framework */ = {isa = PBXBuildFile; fileRef = D9AFEFDF46ED3A3F5D9B4040; };
		10548CE3C61C6A7FF6681D93 /* DiscRecording.framework */ = {isa = PBXBuildFile; fileRef = EA960344A55D3F16ECDBB05F; };
		1F87192D7DAAAE92CB1F989B /* include_juce_audio_devices.mm */ = {isa = PBXBuildFile; fileRef = DAB8BB258A2CAA6A2D2A91CD; };
		2046ECE5C12B71DD042C92AA /* include_juce_audio_utils.mm */ = {isa = PBXBuildFile; fileRef = E5C9BFA8DC582772DB211CDF; };
		243F2340D3C34D6C7A104971 /* Foundation.framework */ = {isa = PBXBuildFile; fileRef = 10E7E991DFE9D86EB10CDFDD; };
		25A63FDD7171EF5C3E185C33 /* RecentFilesMenuTemplate.nib */ = {isa = PBXBuildFile; fileRef = 6D56A75DA5D381810AE16633; };
		2CD4FEE424D5C43C9DF80691 /* AU */ = {isa = PBXBuildFile; fileRef = 23FDE0C7609E5C06A10F9A2C; };
		340E7CAB039EA628D5C721E8 /* include_juce_audio_plugin_client_AU_1.mm */ = {isa = PBXBuildFile; fileRef = 3A1444640E4C87F1CF9FAE77; };
		39DBA60364ADB6C148E8ADC0 /* QuartzCore.framework */ = {isa = PBXBuildFile; fileRef = 13D2708B1992D534EA870C7F; };
		41EE8D09F229D55F2DF60C69 /* include_juce_graphics.mm */ = {isa = PBXBuildFile; fileRef = 2A754C998DDC99569713442D; };
		42D6C6FE911A90AB97A86992 /* include_juce_gui_basics.mm */ = {isa = PBXBuildFile; fileRef = 702B75BA1B98348CC6175B4D; };
		48E64BBFAC7164C57F3BC494 /* Standalone Plugin */ = {isa = PBXBuildFile; fileRef = 2C61593BA91EB5C066CA83C5; };
		52D105C1BA43F19E115C7D92 /* Shared Code */ = {isa = PBXBuildFile; fileRef = DAFEA2E14506FDA304E9A490; };
		55A09EDBEE838C45A414C285 /* include_juce_audio_plugin_client_AU.r */ = {isa = PBXBuildFile; fileRef = 03349BF4A81F1547D4F8CD55; };
		5EC77E8CFEFDA3AFDF65F705 /* include_juce_core.mm */ = {isa = PBXBuildFile; fileRef = AD0CC01A373937D86B55EF5D; };
		6493FAAC1078ABDD0689D3C9 /* include_juce_audio_processors.mm */ = {isa = PBXBuildFile; fileRef = BD468B9397628B3990962833; };
		6B8961903F50EACD6937C721 /* Cocoa.framework */ = {isa = PBXBuildFile; fileRef = 1C74D072005C8A3A004A9DF8; };
		6FBD5115152971A524BD2A2D /* include_juce_audio_plugin_client_ARA.cpp */ = {isa = PBXBuildFile; fileRef = 3907A249A2E3CEBAF010EAF0; };
		73480F67F2AB7B2DD679ABE3 /* include_juce_data_structures.mm */ = {isa = PBXBuildFile; fileRef = E66A601AEC2178664F99E87A; };
		7355C3331F3C1793C3C2F058 /* AudioUnit.framework */ = {isa = PBXBuildFile; fileRef = 2C1911683B666B02C15EB055; };
		8A9EB8C19B1D58E9620C0920 /* VST3 */ = {isa = PBXBuildFile; fileRef = 28200E6DF97F8617AA302EFE; };
		8FC87B1E6ADEA281DF13DA92 /* include_juce_audio_formats.mm */ = {isa = PBXBuildFile; fileRef = 5F99560E5E038F6617947076; };
		975B522AD7CEB3F808B4564E /* AudioToolbox.framework */ = {isa = PBXBuildFile; fileRef = E662E350C47DA2879E8E075E; };
		999ECC8EC9EC60F4C7DAB66E /* WebKit.framework */ = {isa = PBXBuildFile; fileRef = 9D43572770B41122DCAE7F56; };
		A87D9A074B3572B429FD0154 /* include_juce_audio_plugin_client_AU_2.mm */ = {isa = PBXBuildFile; fileRef = 7BDCD0F2DA7C1E1918D7476F; };
		A8F2561A970B56624BFD9ED0 /* include_juce_audio_plugin_client_utils.cpp */ = {isa = PBXBuildFile; fileRef = DB2FC54B2AC76E0255DAC059; };
		AC7900EAAFD6EB6DF0EC7A9D /* PluginEditor.cpp */ = {isa = PBXBuildFile; fileRef = 7A685492C408F4E3474B1F22; };
		ACA8DBFA1563ECD076F1A460 /* include_juce_gui_extra.mm */ = {isa = PBXBuildFile; fileRef = DC4E8A0353A3198C496276EF; };
		ADBA677E95118067E4F7C045 /* include_juce_audio_plugin_client_Standalone.cpp */ = {isa = PBXBuildFile; fileRef = D1206235354747DFED44218B; };
		B04CE2516EB65595A6D54370 /* include_juce_audio_processors_ara.cpp */ = {isa = PBXBuildFile; fileRef = 4816A7A95B20430644F9B966; };
		B28E4020A44F76E88DCB8931 /* Accelerate.framework */ = {isa = PBXBuildFile; fileRef = AB5E41BB1F66706F25CA22CF; };
		B3C930C0C6ED54537FDB1846 /* CoreAudioKit.framework */ = {isa = PBXBuildFile; fileRef = F5D120F5DA10A46059D462A6; };
		B7619BF80F1E860BC6C19730 /* include_juce_audio_processors_lv2_libs.cpp */ = {isa = PBXBuildFile; fileRef = 3DCE9B4ED3F814A0CA06A204; };
		C2C949D3B841836FC872DF60 /* include_juce_audio_basics.mm */ = {isa = PBXBuildFile; fileRef = D213D8819B04A56D53A942D2; };
		CE27EA67DE0D95189DE9544E /* IOKit.framework */ = {isa = PBXBuildFile; fileRef = 5290287558B3C919D6AD50B5; };
		CF4699748A6044778C3C9B92 /* CoreAudio.framework */ = {isa = PBXBuildFile; fileRef = 06BB94D1EB49144601AF7161; };
		F0448B068FDA6D85E485B723 /* include_juce_events.mm */ = {isa = PBXBuildFile; fileRef = 342E2F1E228ECB0494EE255C; };
		F0AFC15B2616E022BE4E08BF /* include_juce_audio_plugin_client_VST3.cpp */ = {isa = PBXBuildFile; fileRef = 6627AAED1551CCBF96102864; };
		F67B199A4981D3DC6253BC7F /* PluginProcessor.cpp */ = {isa = PBXBuildFile; fileRef = C90D3854BA88576727A9F71B; };
		FC6F31EB3376AD9323CCB2CF /* include_juce_audio_plugin_client_VST_utils.mm */ = {isa = PBXBuildFile; fileRef = F42C7DF9AF1ADC26F61287E3; };
/* End PBXBuildFile section */

/* Begin PBXFileReference section */
		03349BF4A81F1547D4F8CD55 /* include_juce_audio_plugin_client_AU.r */ /* include_juce_audio_plugin_client_AU.r */ = {isa = PBXFileReference; lastKnownFileType = file.r; name = include_juce_audio_plugin_client_AU.r; path = ../../JuceLibraryCode/include_juce_audio_plugin_client_AU.r; sourceTree = SOURCE_ROOT; };
		06BB94D1EB49144601AF7161 /* CoreAudio.framework */ /* CoreAudio.framework */ = {isa = PBXFileReference; lastKnownFileType = wrapper.framework; name = CoreAudio.framework; path = System/Library/Frameworks/CoreAudio.framework; sourceTree = SDKROOT; };
		07F8BEE9CDC287903CB019E6 /* juce_graphics */ /* juce_graphics */ = {isa = PBXFileReference; lastKnownFileType = folder; name = juce_graphics; path = /Users/yuki/JUCE/modules/juce_graphics; sourceTree = "<absolute>"; };
		10E7E991DFE9D86EB10CDFDD /* Foundation.framework */ /* Foundation.framework */ = {isa = PBXFileReference; lastKnownFileType = wrapper.framework; name = Foundation.framework; path = System/Library/Frameworks/Foundation.framework; sourceTree = SDKROOT; };
		129B5AE377EBC503FE59D944 /* Info-AU.plist */ /* Info-AU.plist */ = {isa = PBXFileReference; lastKnownFileType = text.plist.xml; name = "Info-AU.plist"; path = "Info-AU.plist"; sourceTree = SOURCE_ROOT; };
		13D2708B1992D534EA870C7F /* QuartzCore.framework */ /* QuartzCore.framework */ = {isa = PBXFileReference; lastKnownFileType = wrapper.framework; name = QuartzCore.framework; path = System/Library/Frameworks/QuartzCore.framework; sourceTree = SDKROOT; };
		1C74D072005C8A3A004A9DF8 /* Cocoa.framework */ /* Cocoa.framework */ = {isa = PBXFileReference; lastKnownFileType = wrapper.framework; name = Cocoa.framework; path = System/Library/Frameworks/Cocoa.framework; sourceTree = SDKROOT; };
		1EFA8AFA99CE0B3B6A667F8E /* Info-VST3.plist */ /* Info-VST3.plist */ = {isa = PBXFileReference; lastKnownFileType = text.plist.xml; name = "Info-VST3.plist"; path = "Info-VST3.plist"; sourceTree = SOURCE_ROOT; };
		23FDE0C7609E5C06A10F9A2C /* AU */ = {isa = PBXFileReference; explicitFileType = wrapper.cfbundle; includeInIndex = 0; path = PFMProject0.component; sourceTree = BUILT_PRODUCTS_DIR; };
		28200E6DF97F8617AA302EFE /* VST3 */ = {isa = PBXFileReference; explicitFileType = wrapper.cfbundle; includeInIndex = 0; path = PFMProject0.vst3; sourceTree = BUILT_PRODUCTS_DIR; };
		2A754C998DDC99569713442D /* include_juce_graphics.mm */ /* include_juce_graphics.mm */ = {isa = PBXFileReference; lastKnownFileType = sourcecode.cpp.objcpp; name = include_juce_graphics.mm; path = ../../JuceLibraryCode/include_juce_graphics.mm; sourceTree = SOURCE_ROOT; };
		2C1911683B666B02C15EB055 /* AudioUnit.framework */ /* AudioUnit.framework */ = {isa = PBXFileReference; lastKnownFileType = wrapper.framework; name = AudioUnit.framework; path = System/Library/Frameworks/AudioUnit.framework; sourceTree = SDKROOT; };
		2C61593BA91EB5C066CA83C5 /* Standalone Plugin */ = {isa = PBXFileReference; explicitFileType = wrapper.application; includeInIndex = 0; path = PFMProject0.app; sourceTree = BUILT_PRODUCTS_DIR; };
		342E2F1E228ECB0494EE255C /* include_juce_events.mm */ /* include_juce_events.mm */ = {isa = PBXFileReference; lastKnownFileType = sourcecode.cpp.objcpp; name = include_juce_events.mm; path = ../../JuceLibraryCode/include_juce_events.mm; sourceTree = SOURCE_ROOT; };
		367E1AA653D307E8D3ED1129 /* PluginEditor.h */ /* PluginEditor.h */ = {isa = PBXFileReference; lastKnownFileType = sourcecode.c.h; name = PluginEditor.h; path = ../../Source/PluginEditor.h; sourceTree = SOURCE_ROOT; };
		3907A249A2E3CEBAF010EAF0 /* include_juce_audio_plugin_client_ARA.cpp */ /* include_juce_audio_plugin_client_ARA.cpp */ = {isa = PBXFileReference; lastKnownFileType = sourcecode.cpp.cpp; name = include_juce_audio_plugin_client_ARA.cpp; path = ../../JuceLibraryCode/include_juce_audio_plugin_client_ARA.cpp; sourceTree = SOURCE_ROOT; };
		3A1444640E4C87F1CF9FAE77 /* include_juce_audio_plugin_client_AU_1.mm */ /* include_juce_audio_plugin_client_AU_1.mm */ = {isa = PBXFileReference; lastKnownFileType = sourcecode.cpp.objcpp; name = include_juce_audio_plugin_client_AU_1.mm; path = ../../JuceLibraryCode/include_juce_audio_plugin_client_AU_1.mm; sourceTree = SOURCE_ROOT; };
		3DCE9B4ED3F814A0CA06A204 /* include_juce_audio_processors_lv2_libs.cpp */ /* include_juce_audio_processors_lv2_libs.cpp */ = {isa = PBXFileReference; lastKnownFileType = sourcecode.cpp.cpp; name = include_juce_audio_processors_lv2_libs.cpp; path = ../../JuceLibraryCode/include_juce_audio_processors_lv2_libs.cpp; sourceTree = SOURCE_ROOT; };
		4816A7A95B20430644F9B966 /* include_juce_audio_processors_ara.cpp */ /* include_juce_audio_processors_ara.cpp */ = {isa = PBXFileReference; lastKnownFileType = sourcecode.cpp.cpp; name = include_juce_audio_processors_ara.cpp; path = ../../JuceLibraryCode/include_juce_audio_processors_ara.cpp; sourceTree = SOURCE_ROOT; };
		5290287558B3C919D6AD50B5 /* IOKit.framework */ /* IOKit.framework */ = {isa = PBXFileReference; lastKnownFileType = wrapper.framework; name = IOKit.framework; path = System/Library/Frameworks/IOKit.framework; sourceTree = SDKROOT; };
		5F99560E5E038F6617947076 /* include_juce_audio_formats.mm */ /* include_juce_audio_formats.mm */ = {isa = PBXFileReference; lastKnownFileType = sourcecode.cpp.objcpp; name = include_juce_audio_formats.mm; path = ../../JuceLibraryCode/include_juce_audio_formats.mm; sourceTree = SOURCE_ROOT; };
		6627AAED1551CCBF96102864 /* include_juce_audio_plugin_client_VST3.cpp */ /* include_juce_audio_plugin_client_VST3.cpp */ = {isa = PBXFileReference; lastKnownFileType = sourcecode.cpp.cpp; name = include_juce_audio_plugin_client_VST3.cpp; path = ../../JuceLibraryCode/include_juce_audio_plugin_client_VST3.cpp; sourceTree = SOURCE_ROOT; };
		6D56A75DA5D381810AE16633 /* RecentFilesMenuTemplate.nib */ /* RecentFilesMenuTemplate.nib */ = {isa = PBXFileReference; lastKnownFileType = file.nib; name = RecentFilesMenuTemplate.nib; path = RecentFilesMenuTemplate.nib; sourceTree = SOURCE_ROOT; };
		6E38A7AD51EA778F7B6C9674 /* PluginProcessor.h */ /* PluginProcessor.h */ = {isa = PBXFileReference; lastKnownFileType = sourcecode.c.h; name = PluginProcessor.h; path = ../../Source/PluginProcessor.h; sourceTree = SOURCE_ROOT; };
		6F35FF500C0AAE56749A31BC /* JucePluginDefines.h */ /* JucePluginDefines.h */ = {isa = PBXFileReference; lastKnownFileType = sourcecode.c.h; name = JucePluginDefines.h; path = ../../JuceLibraryCode/JucePluginDefines.h; sourceTree = SOURCE_ROOT; };
		702B75BA1B98348CC6175B4D /* include_juce_gui_basics.mm */ /* include_juce_gui_basics.mm */ = {isa = PBXFileReference; lastKnownFileType = sourcecode.cpp.objcpp; name = include_juce_gui_basics.mm; path = ../../JuceLibraryCode/include_juce_gui_basics.mm; sourceTree = SOURCE_ROOT; };
		7A685492C408F4E3474B1F22 /* PluginEditor.cpp */ /* PluginEditor.cpp */ = {isa = PBXFileReference; lastKnownFileType = sourcecode.cpp.cpp; name = PluginEditor.cpp; path = ../../Source/PluginEditor.cpp; sourceTree = SOURCE_ROOT; };
		7BDCD0F2DA7C1E1918D7476F /* include_juce_audio_plugin_client_AU_2.mm */ /* include_juce_audio_plugin_client_AU_2.mm */ = {isa = PBXFileReference; lastKnownFileType = sourcecode.cpp.objcpp; name = include_juce_audio_plugin_client_AU_2.mm; path = ../../JuceLibraryCode/include_juce_audio_plugin_client_AU_2.mm; sourceTree = SOURCE_ROOT; };
		90E4835698C609F941A914D5 /* juce_gui_extra */ /* juce_gui_extra */ = {isa = PBXFileReference; lastKnownFileType = folder; name = juce_gui_extra; path = /Users/yuki/JUCE/modules/juce_gui_extra; sourceTree = "<absolute>"; };
		9D43572770B41122DCAE7F56 /* WebKit.framework */ /* WebKit.framework */ = {isa = PBXFileReference; lastKnownFileType = wrapper.framework; name = WebKit.framework; path = System/Library/Frameworks/WebKit.framework; sourceTree = SDKROOT; };
		9DEF54B3E2D07DF749A2CA0C /* juce_data_structures */ /* juce_data_structures */ = {isa = PBXFileReference; lastKnownFileType = folder; name = juce_data_structures; path = /Users/yuki/JUCE/modules/juce_data_structures; sourceTree = "<absolute>"; };
		A59894A49150671AC4A3005A /* JuceHeader.h */ /* JuceHeader.h */ = {isa = PBXFileReference; lastKnownFileType = sourcecode.c.h; name = JuceHeader.h; path = ../../JuceLibraryCode/JuceHeader.h; sourceTree = SOURCE_ROOT; };
		A5FD712A98898A623823A08C /* juce_audio_formats */ /* juce_audio_formats */ = {isa = PBXFileReference; lastKnownFileType = folder; name = juce_audio_formats; path = /Users/yuki/JUCE/modules/juce_audio_formats; sourceTree = "<absolute>"; };
		A9C298A717728A36A8CDD807 /* juce_audio_utils */ /* juce_audio_utils */ = {isa = PBXFileReference; lastKnownFileType = folder; name = juce_audio_utils; path = /Users/yuki/JUCE/modules/juce_audio_utils; sourceTree = "<absolute>"; };
		AB5C1765B6CF57851D72C4FB /* juce_audio_processors */ /* juce_audio_processors */ = {isa = PBXFileReference; lastKnownFileType = folder; name = juce_audio_processors; path = /Users/yuki/JUCE/modules/juce_audio_processors; sourceTree = "<absolute>"; };
		AB5E41BB1F66706F25CA22CF /* Accelerate.framework */ /* Accelerate.framework */ = {isa = PBXFileReference; lastKnownFileType = wrapper.framework; name = Accelerate.framework; path = System/Library/Frameworks/Accelerate.framework; sourceTree = SDKROOT; };
		AD0CC01A373937D86B55EF5D /* include_juce_core.mm */ /* include_juce_core.mm */ = {isa = PBXFileReference; lastKnownFileType = sourcecode.cpp.objcpp; name = include_juce_core.mm; path = ../../JuceLibraryCode/include_juce_core.mm; sourceTree = SOURCE_ROOT; };
		BD468B9397628B3990962833 /* include_juce_audio_processors.mm */ /* include_juce_audio_processors.mm */ = {isa = PBXFileReference; lastKnownFileType = sourcecode.cpp.objcpp; name = include_juce_audio_processors.mm; path = ../../JuceLibraryCode/include_juce_audio_processors.mm; sourceTree = SOURCE_ROOT; };
		C46571B3425C5093AB5BA191 /* juce_events */ /* juce_events */ = {isa = PBXFileReference; lastKnownFileType = folder; name = juce_events; path = /Users/yuki/JUCE/modules/juce_events; sourceTree = "<absolute>"; };
		C90D3854BA88576727A9F71B /* PluginProcessor.cpp */ /* PluginProcessor.cpp */ = {isa = PBXFileReference; lastKnownFileType = sourcecode.cpp.cpp; name = PluginProcessor.cpp; path = ../../Source/PluginProcessor.cpp; sourceTree = SOURCE_ROOT; };
		CD3266F264C54E19BFFE3587 /* juce_core */ /* juce_core */ = {isa = PBXFileReference; lastKnownFileType = folder; name = juce_core; path = /Users/yuki/JUCE/modules/juce_core; sourceTree = "<absolute>"; };
		D1206235354747DFED44218B /* include_juce_audio_plugin_client_Standalone.cpp */ /* include_juce_audio_plugin_client_Standalone.cpp */ = {isa = PBXFileReference; lastKnownFileType = sourcecode.cpp.cpp; name = include_juce_audio_plugin_client_Standalone.cpp; path = ../../JuceLibraryCode/include_juce_audio_plugin_client_Standalone.cpp; sourceTree = SOURCE_ROOT; };
		D213D8819B04A56D53A942D2 /* include_juce_audio_basics.mm */ /* include_juce_audio_basics.mm */ = {isa = PBXFileReference; lastKnownFileType = sourcecode.cpp.objcpp; name = include_juce_audio_basics.mm; path = ../../JuceLibraryCode/include_juce_audio_basics.mm; sourceTree = SOURCE_ROOT; };
		D908017B65D3E781DD6C2CD5 /* juce_audio_basics */ /* juce_audio_basics */ = {isa = PBXFileReference; lastKnownFileType = folder; name = juce_audio_basics; path = /Users/yuki/JUCE/modules/juce_audio_basics; sourceTree = "<absolute>"; };
		D9AFEFDF46ED3A3F5D9B4040 /* CoreMIDI.framework */ /* CoreMIDI.framework */ = {isa = PBXFileReference; lastKnownFileType = wrapper.framework; name = CoreMIDI.framework; path = System/Library/Frameworks/CoreMIDI.framework; sourceTree = SDKROOT; };
		DAB8BB258A2CAA6A2D2A91CD /* include_juce_audio_devices.mm */ /* include_juce_audio_devices.mm */ = {isa = PBXFileReference; lastKnownFileType = sourcecode.cpp.objcpp; name = include_juce_audio_devices.mm; path = ../../JuceLibraryCode/include_juce_audio_devices.mm; sourceTree = SOURCE_ROOT; };
		DAFEA2E14506FDA304E9A490 /* Shared Code */ = {isa = PBXFileReference; explicitFileType = archive.ar; includeInIndex = 0; path = libPFMProject0.a; sourceTree = BUILT_PRODUCTS_DIR; };
		DB2FC54B2AC76E0255DAC059 /* include_juce_audio_plugin_client_utils.cpp */ /* include_juce_audio_plugin_client_utils.cpp */ = {isa = PBXFileReference; lastKnownFileType = sourcecode.cpp.cpp; name = include_juce_audio_plugin_client_utils.cpp; path = ../../JuceLibraryCode/include_juce_audio_plugin_client_utils.cpp; sourceTree = SOURCE_ROOT; };
		DC4E8A0353A3198C496276EF /* include_juce_gui_extra.mm */ /* include_juce_gui_extra.mm */ = {isa = PBXFileReference; lastKnownFileType = sourcecode.cpp.objcpp; name = include_juce_gui_extra.mm; path = ../../JuceLibraryCode/include_juce_gui_extra.mm; sourceTree = SOURCE_ROOT; };
		E0F5EA8AEA7E590D6CC3A1D9 /* juce_audio_devices */ /* juce_audio_devices */ = {isa = PBXFileReference; lastKnownFileType = folder; name = juce_audio_devices; path = /Users/yuki/JUCE/modules/juce_audio_devices; sourceTree = "<absolute>"; };
		E5C9BFA8DC582772DB211CDF /* include_juce_audio_utils.mm */ /* include_juce_audio_utils.mm */ = {isa = PBXFileReference; lastKnownFileType = sourcecode.cpp.objcpp; name = include_juce_audio_utils.mm; path = ../../JuceLibraryCode/include_juce_audio_utils.mm; sourceTree = SOURCE_ROOT; };
		E662E350C47DA2879E8E075E /* AudioToolbox.framework */ /* AudioToolbox.framework */ = {isa = PBXFileReference; lastKnownFileType = wrapper.framework; name = AudioToolbox.framework; path = System/Library/Frameworks/AudioToolbox.framework; sourceTree = SDKROOT; };
		E66A601AEC2178664F99E87A /* include_juce_data_structures.mm */ /* include_juce_data_structures.mm */ = {isa = PBXFileReference; lastKnownFileType = sourcecode.cpp.objcpp; name = include_juce_data_structures.mm; path = ../../JuceLibraryCode/include_juce_data_structures.mm; sourceTree = SOURCE_ROOT; };
		EA960344A55D3F16ECDBB05F /* DiscRecording.framework */ /* DiscRecording.framework */ = {isa = PBXFileReference; lastKnownFileType = wrapper.framework; name = DiscRecording.framework; path = System/Library/Frameworks/DiscRecording.framework; sourceTree = SDKROOT; };
		F31850B1FD463E3B75A49B06 /* Info-Standalone_Plugin.plist */ /* Info-Standalone_Plugin.plist */ = {isa = PBXFileReference; lastKnownFileType = text.plist.xml; name = "Info-Standalone_Plugin.plist"; path = "Info-Standalone_Plugin.plist"; sourceTree = SOURCE_ROOT; };
		F42C7DF9AF1ADC26F61287E3 /* include_juce_audio_plugin_client_VST_utils.mm */ /* include_juce_audio_plugin_client_VST_utils.mm */ = {isa = PBXFileReference; lastKnownFileType = sourcecode.cpp.objcpp; name = include_juce_audio_plugin_client_VST_utils.mm; path = ../../JuceLibraryCode/include_juce_audio_plugin_client_VST_utils.mm; sourceTree = SOURCE_ROOT; };
		F5D120F5DA10A46059D462A6 /* CoreAudioKit.framework */ /* CoreAudioKit.framework */ = {isa = PBXFileReference; lastKnownFileType = wrapper.framework; name = CoreAudioKit.framework; path = System/Library/Frameworks/CoreAudioKit.framework; sourceTree = SDKROOT; };
		FA28CF3F79E5BB44E26F4D9F /* juce_audio_plugin_client */ /* juce_audio_plugin_client */ = {isa = PBXFileReference; lastKnownFileType = folder; name = juce_audio_plugin_client; path = /Users/yuki/JUCE/modules/juce_audio_plugin_client; sourceTree = "<absolute>"; };
		FB2AAFCEB09ACB88F9E53571 /* juce_gui_basics */ /* juce_gui_basics */ = {isa = PBXFileReference; lastKnownFileType = folder; name = juce_gui_basics; path = /Users/yuki/JUCE/modules/juce_gui_basics; sourceTree = "<absolute>"; };
/* End PBXFileReference section */

/* Begin PBXFrameworksBuildPhase section */
		56C15513B1DA9FF87A53A711 = {
			isa = PBXFrameworksBuildPhase;
			buildActionMask = 2147483647;
			files = (
				B28E4020A44F76E88DCB8931,
				975B522AD7CEB3F808B4564E,
				6B8961903F50EACD6937C721,
				CF4699748A6044778C3C9B92,
				B3C930C0C6ED54537FDB1846,
				02A7407309CC5B8F932079BB,
				10548CE3C61C6A7FF6681D93,
				243F2340D3C34D6C7A104971,
				CE27EA67DE0D95189DE9544E,
				39DBA60364ADB6C148E8ADC0,
				999ECC8EC9EC60F4C7DAB66E,
			);
			runOnlyForDeploymentPostprocessing = 0;
		};
		74E3985323EA8E41978DFF0D = {
			isa = PBXFrameworksBuildPhase;
			buildActionMask = 2147483647;
			files = (
				7355C3331F3C1793C3C2F058,
				B28E4020A44F76E88DCB8931,
				975B522AD7CEB3F808B4564E,
				6B8961903F50EACD6937C721,
				CF4699748A6044778C3C9B92,
				B3C930C0C6ED54537FDB1846,
				02A7407309CC5B8F932079BB,
				10548CE3C61C6A7FF6681D93,
				243F2340D3C34D6C7A104971,
				CE27EA67DE0D95189DE9544E,
				39DBA60364ADB6C148E8ADC0,
				999ECC8EC9EC60F4C7DAB66E,
			);
			runOnlyForDeploymentPostprocessing = 0;
		};
		A1EF455B6C80D3F2F2DA8FF2 = {
			isa = PBXFrameworksBuildPhase;
			buildActionMask = 2147483647;
			files = (
				B28E4020A44F76E88DCB8931,
				975B522AD7CEB3F808B4564E,
				6B8961903F50EACD6937C721,
				CF4699748A6044778C3C9B92,
				B3C930C0C6ED54537FDB1846,
				02A7407309CC5B8F932079BB,
				10548CE3C61C6A7FF6681D93,
				243F2340D3C34D6C7A104971,
				CE27EA67DE0D95189DE9544E,
				39DBA60364ADB6C148E8ADC0,
				999ECC8EC9EC60F4C7DAB66E,
			);
			runOnlyForDeploymentPostprocessing = 0;
		};
/* End PBXFrameworksBuildPhase section */

/* Begin PBXGroup section */
		07746BEA493F0F79D7BA9478 /* Products */ = {
			isa = PBXGroup;
			children = (
				28200E6DF97F8617AA302EFE,
				23FDE0C7609E5C06A10F9A2C,
				2C61593BA91EB5C066CA83C5,
				DAFEA2E14506FDA304E9A490,
			);
			name = Products;
			sourceTree = "<group>";
		};
		1530BAEE4A1505081930E23E /* Resources */ = {
			isa = PBXGroup;
			children = (
				1EFA8AFA99CE0B3B6A667F8E,
				129B5AE377EBC503FE59D944,
				F31850B1FD463E3B75A49B06,
				6D56A75DA5D381810AE16633,
			);
			name = Resources;
			sourceTree = "<group>";
		};
		458E4495C1BA0694940F6D5D /* JUCE Modules */ = {
			isa = PBXGroup;
			children = (
				D908017B65D3E781DD6C2CD5,
				E0F5EA8AEA7E590D6CC3A1D9,
				A5FD712A98898A623823A08C,
				FA28CF3F79E5BB44E26F4D9F,
				AB5C1765B6CF57851D72C4FB,
				A9C298A717728A36A8CDD807,
				CD3266F264C54E19BFFE3587,
				9DEF54B3E2D07DF749A2CA0C,
				C46571B3425C5093AB5BA191,
				07F8BEE9CDC287903CB019E6,
				FB2AAFCEB09ACB88F9E53571,
				90E4835698C609F941A914D5,
			);
			name = "JUCE Modules";
			sourceTree = "<group>";
		};
		94B7EF1924C9A7FCD65656C1 /* Source */ = {
			isa = PBXGroup;
			children = (
				C90D3854BA88576727A9F71B,
				6E38A7AD51EA778F7B6C9674,
				7A685492C408F4E3474B1F22,
				367E1AA653D307E8D3ED1129,
			);
			name = Source;
			sourceTree = "<group>";
		};
		A9D28C0D676E564900AE1C23 /* PFMProject0 */ = {
			isa = PBXGroup;
			children = (
				94B7EF1924C9A7FCD65656C1,
			);
			name = PFMProject0;
			sourceTree = "<group>";
		};
		B31E30FF2D7B69102A64347D /* JUCE Library Code */ = {
			isa = PBXGroup;
			children = (
				D213D8819B04A56D53A942D2,
				DAB8BB258A2CAA6A2D2A91CD,
				5F99560E5E038F6617947076,
				3907A249A2E3CEBAF010EAF0,
				03349BF4A81F1547D4F8CD55,
				3A1444640E4C87F1CF9FAE77,
				7BDCD0F2DA7C1E1918D7476F,
				D1206235354747DFED44218B,
				DB2FC54B2AC76E0255DAC059,
				F42C7DF9AF1ADC26F61287E3,
				6627AAED1551CCBF96102864,
				BD468B9397628B3990962833,
				4816A7A95B20430644F9B966,
				3DCE9B4ED3F814A0CA06A204,
				E5C9BFA8DC582772DB211CDF,
				AD0CC01A373937D86B55EF5D,
				E66A601AEC2178664F99E87A,
				342E2F1E228ECB0494EE255C,
				2A754C998DDC99569713442D,
				702B75BA1B98348CC6175B4D,
				DC4E8A0353A3198C496276EF,
				A59894A49150671AC4A3005A,
				6F35FF500C0AAE56749A31BC,
			);
			name = "JUCE Library Code";
			sourceTree = "<group>";
		};
		BF59D2415496C90BAF4AC264 /* Frameworks */ = {
			isa = PBXGroup;
			children = (
				2C1911683B666B02C15EB055,
				AB5E41BB1F66706F25CA22CF,
				E662E350C47DA2879E8E075E,
				1C74D072005C8A3A004A9DF8,
				06BB94D1EB49144601AF7161,
				F5D120F5DA10A46059D462A6,
				D9AFEFDF46ED3A3F5D9B4040,
				EA960344A55D3F16ECDBB05F,
				10E7E991DFE9D86EB10CDFDD,
				5290287558B3C919D6AD50B5,
				13D2708B1992D534EA870C7F,
				9D43572770B41122DCAE7F56,
			);
			name = Frameworks;
			sourceTree = "<group>";
		};
		D237C47831B3A148371F56EE /* Source */ = {
			isa = PBXGroup;
			children = (
				A9D28C0D676E564900AE1C23,
				458E4495C1BA0694940F6D5D,
				B31E30FF2D7B69102A64347D,
				1530BAEE4A1505081930E23E,
				BF59D2415496C90BAF4AC264,
				07746BEA493F0F79D7BA9478,
			);
			name = Source;
			sourceTree = "<group>";
		};
/* End PBXGroup section */

/* Begin PBXNativeTarget section */
		053B631C306425B95438193A /* PFMProject0 - AU */ = {
			isa = PBXNativeTarget;
			buildConfigurationList = ED24C772E74D03D3F3B2E832;
			buildPhases = (
				D3C04972FC158AECB4A5FC0C,
				36D64D3270FA5074FA0442AD,
				25EDC7D211675CDB06B77520,
				74E3985323EA8E41978DFF0D,
			);
			buildRules = (
			);
			dependencies = (
				855177A8E4095EA40BB6FB86,
			);
			name = "PFMProject0 - AU";
			productName = PFMProject0;
			productReference = 23FDE0C7609E5C06A10F9A2C;
			productType = "com.apple.product-type.bundle";
		};
		294CC2D865270790E5229915 /* PFMProject0 - Shared Code */ = {
			isa = PBXNativeTarget;
			buildConfigurationList = 4F5BE4D3365E1313A425EEEF;
			buildPhases = (
				167BC9EBE82F1AF8BBA3E173,
			);
			buildRules = (
			);
			dependencies = (
			);
			name = "PFMProject0 - Shared Code";
			productName = PFMProject0;
			productReference = DAFEA2E14506FDA304E9A490;
			productType = "com.apple.product-type.library.static";
		};
		538CDA694C71A73D6E9287A7 /* PFMProject0 - VST3 */ = {
			isa = PBXNativeTarget;
			buildConfigurationList = 0036BFC8C1ED9C487BC931A0;
			buildPhases = (
				F32E2A4A4E84795D2AFDA149,
				28E91BA794EF80291CAB214E,
				A1EF455B6C80D3F2F2DA8FF2,
			);
			buildRules = (
			);
			dependencies = (
				DAFD37A90B20220A56BA81CC,
			);
			name = "PFMProject0 - VST3";
			productName = PFMProject0;
			productReference = 28200E6DF97F8617AA302EFE;
			productType = "com.apple.product-type.bundle";
		};
		AD11EA26302EAC2421B9E243 /* PFMProject0 - Standalone Plugin */ = {
			isa = PBXNativeTarget;
			buildConfigurationList = 855F6297BA099EFF57A75657;
			buildPhases = (
				E2278534B6A164B0A7083F7D,
				ADC1638B77A3314695DEED84,
				56C15513B1DA9FF87A53A711,
			);
			buildRules = (
			);
			dependencies = (
				54FC05236AABAAC533DD6E1C,
			);
			name = "PFMProject0 - Standalone Plugin";
			productName = PFMProject0;
			productReference = 2C61593BA91EB5C066CA83C5;
			productType = "com.apple.product-type.application";
		};
/* End PBXNativeTarget section */

/* Begin PBXProject section */
		1765B90240393F7F25A0EC56 = {
			isa = PBXProject;
			attributes = {
				LastUpgradeCheck = 1340;
				ORGANIZATIONNAME = "";
				TargetAttributes = {
					053B631C306425B95438193A = {
						SystemCapabilities = {
							com.apple.ApplicationGroups.iOS = {
								enabled = 0;
							};
							com.apple.HardenedRuntime = {
								enabled = 0;
							};
							com.apple.InAppPurchase = {
								enabled = 0;
							};
							com.apple.InterAppAudio = {
								enabled = 0;
							};
							com.apple.Push = {
								enabled = 0;
							};
							com.apple.Sandbox = {
								enabled = 0;
							};
						};
					};
					294CC2D865270790E5229915 = {
						SystemCapabilities = {
							com.apple.ApplicationGroups.iOS = {
								enabled = 0;
							};
							com.apple.HardenedRuntime = {
								enabled = 0;
							};
							com.apple.InAppPurchase = {
								enabled = 0;
							};
							com.apple.InterAppAudio = {
								enabled = 0;
							};
							com.apple.Push = {
								enabled = 0;
							};
							com.apple.Sandbox = {
								enabled = 0;
							};
						};
					};
					38A1E6F31F318570DF5C035A = {
						SystemCapabilities = {
							com.apple.ApplicationGroups.iOS = {
								enabled = 0;
							};
							com.apple.HardenedRuntime = {
								enabled = 0;
							};
							com.apple.InAppPurchase = {
								enabled = 0;
							};
							com.apple.InterAppAudio = {
								enabled = 0;
							};
							com.apple.Push = {
								enabled = 0;
							};
							com.apple.Sandbox = {
								enabled = 0;
							};
						};
					};
					538CDA694C71A73D6E9287A7 = {
						SystemCapabilities = {
							com.apple.ApplicationGroups.iOS = {
								enabled = 0;
							};
							com.apple.HardenedRuntime = {
								enabled = 0;
							};
							com.apple.InAppPurchase = {
								enabled = 0;
							};
							com.apple.InterAppAudio = {
								enabled = 0;
							};
							com.apple.Push = {
								enabled = 0;
							};
							com.apple.Sandbox = {
								enabled = 0;
							};
						};
					};
					AD11EA26302EAC2421B9E243 = {
						SystemCapabilities = {
							com.apple.ApplicationGroups.iOS = {
								enabled = 0;
							};
							com.apple.HardenedRuntime = {
								enabled = 0;
							};
							com.apple.InAppPurchase = {
								enabled = 0;
							};
							com.apple.InterAppAudio = {
								enabled = 0;
							};
							com.apple.Push = {
								enabled = 0;
							};
							com.apple.Sandbox = {
								enabled = 0;
							};
						};
					};
				};
			};
			buildConfigurationList = BF4AC2FEDB23754F341A2161;
			compatibilityVersion = "Xcode 3.2";
			hasScannedForEncodings = 0;
			knownRegions = (
				en,
				Base,
			);
			mainGroup = D237C47831B3A148371F56EE;
			projectDirPath = "";
			projectRoot = "";
			targets = (
				38A1E6F31F318570DF5C035A,
				538CDA694C71A73D6E9287A7,
				053B631C306425B95438193A,
				AD11EA26302EAC2421B9E243,
				294CC2D865270790E5229915,
			);
		};
/* End PBXProject section */

/* Begin PBXResourcesBuildPhase section */
		D3C04972FC158AECB4A5FC0C = {
			isa = PBXResourcesBuildPhase;
			buildActionMask = 2147483647;
			files = (
				25A63FDD7171EF5C3E185C33,
			);
			runOnlyForDeploymentPostprocessing = 0;
		};
		E2278534B6A164B0A7083F7D = {
			isa = PBXResourcesBuildPhase;
			buildActionMask = 2147483647;
			files = (
				25A63FDD7171EF5C3E185C33,
			);
			runOnlyForDeploymentPostprocessing = 0;
		};
		F32E2A4A4E84795D2AFDA149 = {
			isa = PBXResourcesBuildPhase;
			buildActionMask = 2147483647;
			files = (
				25A63FDD7171EF5C3E185C33,
			);
			runOnlyForDeploymentPostprocessing = 0;
		};
/* End PBXResourcesBuildPhase section */

/* Begin PBXRezBuildPhase section */
		36D64D3270FA5074FA0442AD = {
			isa = PBXRezBuildPhase;
			buildActionMask = 2147483647;
			files = (
				55A09EDBEE838C45A414C285,
			);
			runOnlyForDeploymentPostprocessing = 0;
		};
/* End PBXRezBuildPhase section */

/* Begin PBXSourcesBuildPhase section */
		167BC9EBE82F1AF8BBA3E173 = {
			isa = PBXSourcesBuildPhase;
			buildActionMask = 2147483647;
			files = (
				F67B199A4981D3DC6253BC7F,
				AC7900EAAFD6EB6DF0EC7A9D,
				C2C949D3B841836FC872DF60,
				1F87192D7DAAAE92CB1F989B,
				8FC87B1E6ADEA281DF13DA92,
				6FBD5115152971A524BD2A2D,
				A8F2561A970B56624BFD9ED0,
				FC6F31EB3376AD9323CCB2CF,
				6493FAAC1078ABDD0689D3C9,
				B04CE2516EB65595A6D54370,
				B7619BF80F1E860BC6C19730,
				2046ECE5C12B71DD042C92AA,
				5EC77E8CFEFDA3AFDF65F705,
				73480F67F2AB7B2DD679ABE3,
				F0448B068FDA6D85E485B723,
				41EE8D09F229D55F2DF60C69,
				42D6C6FE911A90AB97A86992,
				ACA8DBFA1563ECD076F1A460,
			);
			runOnlyForDeploymentPostprocessing = 0;
		};
		25EDC7D211675CDB06B77520 = {
			isa = PBXSourcesBuildPhase;
			buildActionMask = 2147483647;
			files = (
				340E7CAB039EA628D5C721E8,
				A87D9A074B3572B429FD0154,
			);
			runOnlyForDeploymentPostprocessing = 0;
		};
		28E91BA794EF80291CAB214E = {
			isa = PBXSourcesBuildPhase;
			buildActionMask = 2147483647;
			files = (
				F0AFC15B2616E022BE4E08BF,
			);
			runOnlyForDeploymentPostprocessing = 0;
		};
		ADC1638B77A3314695DEED84 = {
			isa = PBXSourcesBuildPhase;
			buildActionMask = 2147483647;
			files = (
				ADBA677E95118067E4F7C045,
			);
			runOnlyForDeploymentPostprocessing = 0;
		};
/* End PBXSourcesBuildPhase section */

/* Begin PBXTargetDependency section */
		159148EF8B6D79A8ED560367 = {
			isa = PBXTargetDependency;
			target = 053B631C306425B95438193A;
		};
		45E190998327BCB5E3B8DDAD = {
			isa = PBXTargetDependency;
			target = 538CDA694C71A73D6E9287A7;
		};
		54FC05236AABAAC533DD6E1C = {
			isa = PBXTargetDependency;
			target = 294CC2D865270790E5229915;
		};
		855177A8E4095EA40BB6FB86 = {
			isa = PBXTargetDependency;
			target = 294CC2D865270790E5229915;
		};
		8E058EA71F506E43515CC063 = {
			isa = PBXTargetDependency;
			target = AD11EA26302EAC2421B9E243;
		};
		CAAD2FF937EE90A0ED035D6B = {
			isa = PBXTargetDependency;
			target = 294CC2D865270790E5229915;
		};
		DAFD37A90B20220A56BA81CC = {
			isa = PBXTargetDependency;
			target = 294CC2D865270790E5229915;
		};
/* End PBXTargetDependency section */

/* Begin XCBuildConfiguration section */
		04413B44F5526B71A705D71D /* Debug */ = {
			isa = XCBuildConfiguration;
			buildSettings = {
				CLANG_CXX_LANGUAGE_STANDARD = "c++14";
				CLANG_CXX_LIBRARY = "libc++";
				CLANG_LINK_OBJC_RUNTIME = NO;
				CODE_SIGN_IDENTITY = "";
				COMBINE_HIDPI_IMAGES = YES;
				CONFIGURATION_BUILD_DIR = "$(PROJECT_DIR)/build/$(CONFIGURATION)";
				COPY_PHASE_STRIP = NO;
				EXCLUDED_ARCHS = "";
				GCC_DYNAMIC_NO_PIC = NO;
				GCC_OPTIMIZATION_LEVEL = 0;
				GCC_PREPROCESSOR_DEFINITIONS = (
					"_DEBUG=1",
					"DEBUG=1",
					"JUCE_DISPLAY_SPLASH_SCREEN=1",
					"JUCE_USE_DARK_SPLASH_SCREEN=1",
					"JUCE_PROJUCER_VERSION=0x70002",
					"JUCE_MODULE_AVAILABLE_juce_audio_basics=1",
					"JUCE_MODULE_AVAILABLE_juce_audio_devices=1",
					"JUCE_MODULE_AVAILABLE_juce_audio_formats=1",
					"JUCE_MODULE_AVAILABLE_juce_audio_plugin_client=1",
					"JUCE_MODULE_AVAILABLE_juce_audio_processors=1",
					"JUCE_MODULE_AVAILABLE_juce_audio_utils=1",
					"JUCE_MODULE_AVAILABLE_juce_core=1",
					"JUCE_MODULE_AVAILABLE_juce_data_structures=1",
					"JUCE_MODULE_AVAILABLE_juce_events=1",
					"JUCE_MODULE_AVAILABLE_juce_graphics=1",
					"JUCE_MODULE_AVAILABLE_juce_gui_basics=1",
					"JUCE_MODULE_AVAILABLE_juce_gui_extra=1",
					"JUCE_GLOBAL_MODULE_SETTINGS_INCLUDED=1",
					"JUCE_VST3_CAN_REPLACE_VST2=0",
					"JUCE_STRICT_REFCOUNTEDPOINTER=1",
					"JucePlugin_Build_VST=0",
					"JucePlugin_Build_VST3=0",
					"JucePlugin_Build_AU=0",
					"JucePlugin_Build_AUv3=0",
					"JucePlugin_Build_AAX=0",
					"JucePlugin_Build_Standalone=1",
					"JucePlugin_Build_Unity=0",
					"JucePlugin_Build_LV2=0",
					"JucePlugin_Enable_IAA=0",
					"JucePlugin_Enable_ARA=0",
					"JucePlugin_Name=\\\"PFMProject0\\\"",
					"JucePlugin_Desc=\\\"PFMProject0\\\"",
					"JucePlugin_Manufacturer=\\\"yourcompany\\\"",
					"JucePlugin_ManufacturerWebsite=\\\"www.yourcompany.com\\\"",
					"JucePlugin_ManufacturerEmail=\\\"\\\"",
					"JucePlugin_ManufacturerCode=0x4d616e75",
					"JucePlugin_PluginCode=0x45796337",
					"JucePlugin_IsSynth=0",
					"JucePlugin_WantsMidiInput=0",
					"JucePlugin_ProducesMidiOutput=0",
					"JucePlugin_IsMidiEffect=0",
					"JucePlugin_EditorRequiresKeyboardFocus=0",
					"JucePlugin_Version=1.0.0",
					"JucePlugin_VersionCode=0x10000",
					"JucePlugin_VersionString=\\\"1.0.0\\\"",
					"JucePlugin_VSTUniqueID=JucePlugin_PluginCode",
					"JucePlugin_VSTCategory=kPlugCategEffect",
					"JucePlugin_Vst3Category=\\\"Fx\\\"",
					"JucePlugin_AUMainType=\\'aufx\\'",
					"JucePlugin_AUSubType=JucePlugin_PluginCode",
					"JucePlugin_AUExportPrefix=PFMProject0AU",
					"JucePlugin_AUExportPrefixQuoted=\\\"PFMProject0AU\\\"",
					"JucePlugin_AUManufacturerCode=JucePlugin_ManufacturerCode",
					"JucePlugin_CFBundleIdentifier=com.yourcompany.PFMProject0",
					"JucePlugin_AAXIdentifier=com.yourcompany.PFMProject0",
					"JucePlugin_AAXManufacturerCode=JucePlugin_ManufacturerCode",
					"JucePlugin_AAXProductId=JucePlugin_PluginCode",
					"JucePlugin_AAXCategory=0",
					"JucePlugin_AAXDisableBypass=0",
					"JucePlugin_AAXDisableMultiMono=0",
					"JucePlugin_IAAType=0x61757278",
					"JucePlugin_IAASubType=JucePlugin_PluginCode",
					"JucePlugin_IAAName=\\\"yourcompany:\\ PFMProject0\\\"",
					"JucePlugin_VSTNumMidiInputs=16",
					"JucePlugin_VSTNumMidiOutputs=16",
					"JucePlugin_ARAContentTypes=0",
					"JucePlugin_ARATransformationFlags=0",
					"JucePlugin_ARAFactoryID=\\\"com.yourcompany.PFMProject0.factory\\\"",
					"JucePlugin_ARADocumentArchiveID=\\\"com.yourcompany.PFMProject0.aradocumentarchive.1.0.0\\\"",
					"JucePlugin_ARACompatibleArchiveIDs=\\\"\\\"",
					"JUCE_STANDALONE_APPLICATION=JucePlugin_Build_Standalone",
					"JUCER_XCODE_MAC_F6D2F4CF=1",
					"JUCE_APP_VERSION=1.0.0",
					"JUCE_APP_VERSION_HEX=0x10000",
				);
				GCC_VERSION = com.apple.compilers.llvm.clang.1_0;
				HEADER_SEARCH_PATHS = (
					"/Users/yuki/JUCE/modules/juce_audio_processors/format_types/VST3_SDK",
					"/Users/yuki/JUCE/VST_SDK",
					"$(SRCROOT)/../../JuceLibraryCode",
					"/Users/yuki/JUCE/modules",
					"/Users/yuki/JUCE/modules/juce_audio_plugin_client",
					"$(inherited)",
				);
				INFOPLIST_FILE = Info-Standalone_Plugin.plist;
				INFOPLIST_PREPROCESS = NO;
				MACOSX_DEPLOYMENT_TARGET = 10.11;
				MTL_HEADER_SEARCH_PATHS = "/Users/yuki/JUCE/modules/juce_audio_processors/format_types/VST3_SDK /Users/yuki/JUCE/VST_SDK $(SRCROOT)/../../JuceLibraryCode /Users/yuki/JUCE/modules /Users/yuki/JUCE/modules/juce_audio_plugin_client";
				OTHER_LDFLAGS = "-lPFMProject0 -weak_framework Metal -weak_framework MetalKit";
				PRODUCT_BUNDLE_IDENTIFIER = com.yourcompany.PFMProject0;
				PRODUCT_NAME = "PFMProject0";
				USE_HEADERMAP = NO;
				VALID_ARCHS = "i386 x86_64 arm64 arm64e";
			};
			name = Debug;
		};
		3C0D164D58BC50C725B0FA3E /* Release */ = {
			isa = XCBuildConfiguration;
			buildSettings = {
				CLANG_CXX_LANGUAGE_STANDARD = "c++14";
				CLANG_CXX_LIBRARY = "libc++";
				CLANG_LINK_OBJC_RUNTIME = NO;
				CODE_SIGN_IDENTITY = "";
				COMBINE_HIDPI_IMAGES = YES;
				CONFIGURATION_BUILD_DIR = "$(PROJECT_DIR)/build/$(CONFIGURATION)";
				DEAD_CODE_STRIPPING = YES;
				DEPLOYMENT_LOCATION = YES;
				DSTROOT = /;
				EXCLUDED_ARCHS = "";
				GCC_GENERATE_DEBUGGING_SYMBOLS = NO;
				GCC_OPTIMIZATION_LEVEL = 3;
				GCC_PREPROCESSOR_DEFINITIONS = (
					"_NDEBUG=1",
					"NDEBUG=1",
					"JUCE_DISPLAY_SPLASH_SCREEN=1",
					"JUCE_USE_DARK_SPLASH_SCREEN=1",
					"JUCE_PROJUCER_VERSION=0x70002",
					"JUCE_MODULE_AVAILABLE_juce_audio_basics=1",
					"JUCE_MODULE_AVAILABLE_juce_audio_devices=1",
					"JUCE_MODULE_AVAILABLE_juce_audio_formats=1",
					"JUCE_MODULE_AVAILABLE_juce_audio_plugin_client=1",
					"JUCE_MODULE_AVAILABLE_juce_audio_processors=1",
					"JUCE_MODULE_AVAILABLE_juce_audio_utils=1",
					"JUCE_MODULE_AVAILABLE_juce_core=1",
					"JUCE_MODULE_AVAILABLE_juce_data_structures=1",
					"JUCE_MODULE_AVAILABLE_juce_events=1",
					"JUCE_MODULE_AVAILABLE_juce_graphics=1",
					"JUCE_MODULE_AVAILABLE_juce_gui_basics=1",
					"JUCE_MODULE_AVAILABLE_juce_gui_extra=1",
					"JUCE_GLOBAL_MODULE_SETTINGS_INCLUDED=1",
					"JUCE_VST3_CAN_REPLACE_VST2=0",
					"JUCE_STRICT_REFCOUNTEDPOINTER=1",
					"JucePlugin_Build_VST=0",
					"JucePlugin_Build_VST3=1",
					"JucePlugin_Build_AU=0",
					"JucePlugin_Build_AUv3=0",
					"JucePlugin_Build_AAX=0",
					"JucePlugin_Build_Standalone=0",
					"JucePlugin_Build_Unity=0",
					"JucePlugin_Build_LV2=0",
					"JucePlugin_Enable_IAA=0",
					"JucePlugin_Enable_ARA=0",
					"JucePlugin_Name=\\\"PFMProject0\\\"",
					"JucePlugin_Desc=\\\"PFMProject0\\\"",
					"JucePlugin_Manufacturer=\\\"yourcompany\\\"",
					"JucePlugin_ManufacturerWebsite=\\\"www.yourcompany.com\\\"",
					"JucePlugin_ManufacturerEmail=\\\"\\\"",
					"JucePlugin_ManufacturerCode=0x4d616e75",
					"JucePlugin_PluginCode=0x45796337",
					"JucePlugin_IsSynth=0",
					"JucePlugin_WantsMidiInput=0",
					"JucePlugin_ProducesMidiOutput=0",
					"JucePlugin_IsMidiEffect=0",
					"JucePlugin_EditorRequiresKeyboardFocus=0",
					"JucePlugin_Version=1.0.0",
					"JucePlugin_VersionCode=0x10000",
					"JucePlugin_VersionString=\\\"1.0.0\\\"",
					"JucePlugin_VSTUniqueID=JucePlugin_PluginCode",
					"JucePlugin_VSTCategory=kPlugCategEffect",
					"JucePlugin_Vst3Category=\\\"Fx\\\"",
					"JucePlugin_AUMainType=\\'aufx\\'",
					"JucePlugin_AUSubType=JucePlugin_PluginCode",
					"JucePlugin_AUExportPrefix=PFMProject0AU",
					"JucePlugin_AUExportPrefixQuoted=\\\"PFMProject0AU\\\"",
					"JucePlugin_AUManufacturerCode=JucePlugin_ManufacturerCode",
					"JucePlugin_CFBundleIdentifier=com.yourcompany.PFMProject0",
					"JucePlugin_AAXIdentifier=com.yourcompany.PFMProject0",
					"JucePlugin_AAXManufacturerCode=JucePlugin_ManufacturerCode",
					"JucePlugin_AAXProductId=JucePlugin_PluginCode",
					"JucePlugin_AAXCategory=0",
					"JucePlugin_AAXDisableBypass=0",
					"JucePlugin_AAXDisableMultiMono=0",
					"JucePlugin_IAAType=0x61757278",
					"JucePlugin_IAASubType=JucePlugin_PluginCode",
					"JucePlugin_IAAName=\\\"yourcompany:\\ PFMProject0\\\"",
					"JucePlugin_VSTNumMidiInputs=16",
					"JucePlugin_VSTNumMidiOutputs=16",
					"JucePlugin_ARAContentTypes=0",
					"JucePlugin_ARATransformationFlags=0",
					"JucePlugin_ARAFactoryID=\\\"com.yourcompany.PFMProject0.factory\\\"",
					"JucePlugin_ARADocumentArchiveID=\\\"com.yourcompany.PFMProject0.aradocumentarchive.1.0.0\\\"",
					"JucePlugin_ARACompatibleArchiveIDs=\\\"\\\"",
					"JUCE_STANDALONE_APPLICATION=JucePlugin_Build_Standalone",
					"JUCER_XCODE_MAC_F6D2F4CF=1",
					"JUCE_APP_VERSION=1.0.0",
					"JUCE_APP_VERSION_HEX=0x10000",
				);
				GCC_VERSION = com.apple.compilers.llvm.clang.1_0;
				GENERATE_PKGINFO_FILE = YES;
				HEADER_SEARCH_PATHS = (
					"/Users/yuki/JUCE/modules/juce_audio_processors/format_types/VST3_SDK",
					"/Users/yuki/JUCE/VST_SDK",
					"$(SRCROOT)/../../JuceLibraryCode",
					"/Users/yuki/JUCE/modules",
					"/Users/yuki/JUCE/modules/juce_audio_plugin_client",
					"$(inherited)",
				);
				INFOPLIST_FILE = Info-VST3.plist;
				INFOPLIST_PREPROCESS = NO;
				INSTALL_PATH = "$(HOME)/Library/Audio/Plug-Ins/VST3/";
				LIBRARY_STYLE = Bundle;
				LLVM_LTO = YES;
				MACOSX_DEPLOYMENT_TARGET = 10.11;
				MTL_HEADER_SEARCH_PATHS = "/Users/yuki/JUCE/modules/juce_audio_processors/format_types/VST3_SDK /Users/yuki/JUCE/VST_SDK $(SRCROOT)/../../JuceLibraryCode /Users/yuki/JUCE/modules /Users/yuki/JUCE/modules/juce_audio_plugin_client";
				OTHER_LDFLAGS = "-bundle -lPFMProject0 -weak_framework Metal -weak_framework MetalKit";
				PRODUCT_BUNDLE_IDENTIFIER = com.yourcompany.PFMProject0;
				PRODUCT_NAME = "PFMProject0";
				USE_HEADERMAP = NO;
				VALID_ARCHS = "i386 x86_64 arm64 arm64e";
				WRAPPER_EXTENSION = vst3;
			};
			name = Release;
		};
		45FAC32A764D028B8EF6AEB5 /* Debug */ = {
			isa = XCBuildConfiguration;
			buildSettings = {
				CLANG_CXX_LANGUAGE_STANDARD = "c++14";
				CLANG_CXX_LIBRARY = "libc++";
				CLANG_LINK_OBJC_RUNTIME = NO;
				CODE_SIGN_IDENTITY = "";
				COMBINE_HIDPI_IMAGES = YES;
				CONFIGURATION_BUILD_DIR = "$(PROJECT_DIR)/build/$(CONFIGURATION)";
				COPY_PHASE_STRIP = NO;
				DEPLOYMENT_LOCATION = YES;
				DSTROOT = /;
				EXCLUDED_ARCHS = "";
				GCC_DYNAMIC_NO_PIC = NO;
				GCC_OPTIMIZATION_LEVEL = 0;
				GCC_PREPROCESSOR_DEFINITIONS = (
					"_DEBUG=1",
					"DEBUG=1",
					"JUCE_DISPLAY_SPLASH_SCREEN=1",
					"JUCE_USE_DARK_SPLASH_SCREEN=1",
					"JUCE_PROJUCER_VERSION=0x70002",
					"JUCE_MODULE_AVAILABLE_juce_audio_basics=1",
					"JUCE_MODULE_AVAILABLE_juce_audio_devices=1",
					"JUCE_MODULE_AVAILABLE_juce_audio_formats=1",
					"JUCE_MODULE_AVAILABLE_juce_audio_plugin_client=1",
					"JUCE_MODULE_AVAILABLE_juce_audio_processors=1",
					"JUCE_MODULE_AVAILABLE_juce_audio_utils=1",
					"JUCE_MODULE_AVAILABLE_juce_core=1",
					"JUCE_MODULE_AVAILABLE_juce_data_structures=1",
					"JUCE_MODULE_AVAILABLE_juce_events=1",
					"JUCE_MODULE_AVAILABLE_juce_graphics=1",
					"JUCE_MODULE_AVAILABLE_juce_gui_basics=1",
					"JUCE_MODULE_AVAILABLE_juce_gui_extra=1",
					"JUCE_GLOBAL_MODULE_SETTINGS_INCLUDED=1",
					"JUCE_VST3_CAN_REPLACE_VST2=0",
					"JUCE_STRICT_REFCOUNTEDPOINTER=1",
					"JucePlugin_Build_VST=0",
					"JucePlugin_Build_VST3=0",
					"JucePlugin_Build_AU=1",
					"JucePlugin_Build_AUv3=0",
					"JucePlugin_Build_AAX=0",
					"JucePlugin_Build_Standalone=0",
					"JucePlugin_Build_Unity=0",
					"JucePlugin_Build_LV2=0",
					"JucePlugin_Enable_IAA=0",
					"JucePlugin_Enable_ARA=0",
					"JucePlugin_Name=\\\"PFMProject0\\\"",
					"JucePlugin_Desc=\\\"PFMProject0\\\"",
					"JucePlugin_Manufacturer=\\\"yourcompany\\\"",
					"JucePlugin_ManufacturerWebsite=\\\"www.yourcompany.com\\\"",
					"JucePlugin_ManufacturerEmail=\\\"\\\"",
					"JucePlugin_ManufacturerCode=0x4d616e75",
					"JucePlugin_PluginCode=0x45796337",
					"JucePlugin_IsSynth=0",
					"JucePlugin_WantsMidiInput=0",
					"JucePlugin_ProducesMidiOutput=0",
					"JucePlugin_IsMidiEffect=0",
					"JucePlugin_EditorRequiresKeyboardFocus=0",
					"JucePlugin_Version=1.0.0",
					"JucePlugin_VersionCode=0x10000",
					"JucePlugin_VersionString=\\\"1.0.0\\\"",
					"JucePlugin_VSTUniqueID=JucePlugin_PluginCode",
					"JucePlugin_VSTCategory=kPlugCategEffect",
					"JucePlugin_Vst3Category=\\\"Fx\\\"",
					"JucePlugin_AUMainType=\\'aufx\\'",
					"JucePlugin_AUSubType=JucePlugin_PluginCode",
					"JucePlugin_AUExportPrefix=PFMProject0AU",
					"JucePlugin_AUExportPrefixQuoted=\\\"PFMProject0AU\\\"",
					"JucePlugin_AUManufacturerCode=JucePlugin_ManufacturerCode",
					"JucePlugin_CFBundleIdentifier=com.yourcompany.PFMProject0",
					"JucePlugin_AAXIdentifier=com.yourcompany.PFMProject0",
					"JucePlugin_AAXManufacturerCode=JucePlugin_ManufacturerCode",
					"JucePlugin_AAXProductId=JucePlugin_PluginCode",
					"JucePlugin_AAXCategory=0",
					"JucePlugin_AAXDisableBypass=0",
					"JucePlugin_AAXDisableMultiMono=0",
					"JucePlugin_IAAType=0x61757278",
					"JucePlugin_IAASubType=JucePlugin_PluginCode",
					"JucePlugin_IAAName=\\\"yourcompany:\\ PFMProject0\\\"",
					"JucePlugin_VSTNumMidiInputs=16",
					"JucePlugin_VSTNumMidiOutputs=16",
					"JucePlugin_ARAContentTypes=0",
					"JucePlugin_ARATransformationFlags=0",
					"JucePlugin_ARAFactoryID=\\\"com.yourcompany.PFMProject0.factory\\\"",
					"JucePlugin_ARADocumentArchiveID=\\\"com.yourcompany.PFMProject0.aradocumentarchive.1.0.0\\\"",
					"JucePlugin_ARACompatibleArchiveIDs=\\\"\\\"",
					"JUCE_STANDALONE_APPLICATION=JucePlugin_Build_Standalone",
					"JUCER_XCODE_MAC_F6D2F4CF=1",
					"JUCE_APP_VERSION=1.0.0",
					"JUCE_APP_VERSION_HEX=0x10000",
				);
				GCC_VERSION = com.apple.compilers.llvm.clang.1_0;
				GENERATE_PKGINFO_FILE = YES;
				HEADER_SEARCH_PATHS = (
					"/Users/yuki/JUCE/modules/juce_audio_processors/format_types/VST3_SDK",
					"/Users/yuki/JUCE/VST_SDK",
					"$(SRCROOT)/../../JuceLibraryCode",
					"/Users/yuki/JUCE/modules",
					"/Users/yuki/JUCE/modules/juce_audio_plugin_client",
					"$(inherited)",
				);
				INFOPLIST_FILE = Info-AU.plist;
				INFOPLIST_PREPROCESS = NO;
				INSTALL_PATH = "$(HOME)/Library/Audio/Plug-Ins/Components/";
				LIBRARY_STYLE = Bundle;
				MACOSX_DEPLOYMENT_TARGET = 10.11;
				MTL_HEADER_SEARCH_PATHS = "/Users/yuki/JUCE/modules/juce_audio_processors/format_types/VST3_SDK /Users/yuki/JUCE/VST_SDK $(SRCROOT)/../../JuceLibraryCode /Users/yuki/JUCE/modules /Users/yuki/JUCE/modules/juce_audio_plugin_client";
				OTHER_LDFLAGS = "-bundle -lPFMProject0 -weak_framework Metal -weak_framework MetalKit";
				OTHER_REZFLAGS = "-d ppc_$ppc -d i386_$i386 -d ppc64_$ppc64 -d x86_64_$x86_64 -d arm64_$arm64 -I /System/Library/Frameworks/CoreServices.framework/Frameworks/CarbonCore.framework/Versions/A/Headers -I \"$(DEVELOPER_DIR)/Extras/CoreAudio/AudioUnits/AUPublic/AUBase\" -I \"$(DEVELOPER_DIR)/Platforms/MacOSX.platform/Developer/SDKs/MacOSX.sdk/System/Library/Frameworks/AudioUnit.framework/Headers\"";
				PRODUCT_BUNDLE_IDENTIFIER = com.yourcompany.PFMProject0;
				PRODUCT_NAME = "PFMProject0";
				USE_HEADERMAP = NO;
				VALID_ARCHS = "i386 x86_64 arm64 arm64e";
				WRAPPER_EXTENSION = component;
			};
			name = Debug;
		};
		5C37302FD590E369B17A0FE8 /* Release */ = {
			isa = XCBuildConfiguration;
			buildSettings = {
				CLANG_CXX_LANGUAGE_STANDARD = "c++14";
				CLANG_CXX_LIBRARY = "libc++";
				CLANG_LINK_OBJC_RUNTIME = NO;
				CODE_SIGN_IDENTITY = "";
				COMBINE_HIDPI_IMAGES = YES;
				CONFIGURATION_BUILD_DIR = "$(PROJECT_DIR)/build/$(CONFIGURATION)";
				DEAD_CODE_STRIPPING = YES;
				DEPLOYMENT_LOCATION = YES;
				DSTROOT = /;
				EXCLUDED_ARCHS = "";
				GCC_GENERATE_DEBUGGING_SYMBOLS = NO;
				GCC_OPTIMIZATION_LEVEL = 3;
				GCC_PREPROCESSOR_DEFINITIONS = (
					"_NDEBUG=1",
					"NDEBUG=1",
					"JUCE_DISPLAY_SPLASH_SCREEN=1",
					"JUCE_USE_DARK_SPLASH_SCREEN=1",
					"JUCE_PROJUCER_VERSION=0x70002",
					"JUCE_MODULE_AVAILABLE_juce_audio_basics=1",
					"JUCE_MODULE_AVAILABLE_juce_audio_devices=1",
					"JUCE_MODULE_AVAILABLE_juce_audio_formats=1",
					"JUCE_MODULE_AVAILABLE_juce_audio_plugin_client=1",
					"JUCE_MODULE_AVAILABLE_juce_audio_processors=1",
					"JUCE_MODULE_AVAILABLE_juce_audio_utils=1",
					"JUCE_MODULE_AVAILABLE_juce_core=1",
					"JUCE_MODULE_AVAILABLE_juce_data_structures=1",
					"JUCE_MODULE_AVAILABLE_juce_events=1",
					"JUCE_MODULE_AVAILABLE_juce_graphics=1",
					"JUCE_MODULE_AVAILABLE_juce_gui_basics=1",
					"JUCE_MODULE_AVAILABLE_juce_gui_extra=1",
					"JUCE_GLOBAL_MODULE_SETTINGS_INCLUDED=1",
					"JUCE_VST3_CAN_REPLACE_VST2=0",
					"JUCE_STRICT_REFCOUNTEDPOINTER=1",
					"JucePlugin_Build_VST=0",
					"JucePlugin_Build_VST3=0",
					"JucePlugin_Build_AU=1",
					"JucePlugin_Build_AUv3=0",
					"JucePlugin_Build_AAX=0",
					"JucePlugin_Build_Standalone=0",
					"JucePlugin_Build_Unity=0",
					"JucePlugin_Build_LV2=0",
					"JucePlugin_Enable_IAA=0",
					"JucePlugin_Enable_ARA=0",
					"JucePlugin_Name=\\\"PFMProject0\\\"",
					"JucePlugin_Desc=\\\"PFMProject0\\\"",
					"JucePlugin_Manufacturer=\\\"yourcompany\\\"",
					"JucePlugin_ManufacturerWebsite=\\\"www.yourcompany.com\\\"",
					"JucePlugin_ManufacturerEmail=\\\"\\\"",
					"JucePlugin_ManufacturerCode=0x4d616e75",
					"JucePlugin_PluginCode=0x45796337",
					"JucePlugin_IsSynth=0",
					"JucePlugin_WantsMidiInput=0",
					"JucePlugin_ProducesMidiOutput=0",
					"JucePlugin_IsMidiEffect=0",
					"JucePlugin_EditorRequiresKeyboardFocus=0",
					"JucePlugin_Version=1.0.0",
					"JucePlugin_VersionCode=0x10000",
					"JucePlugin_VersionString=\\\"1.0.0\\\"",
					"JucePlugin_VSTUniqueID=JucePlugin_PluginCode",
					"JucePlugin_VSTCategory=kPlugCategEffect",
					"JucePlugin_Vst3Category=\\\"Fx\\\"",
					"JucePlugin_AUMainType=\\'aufx\\'",
					"JucePlugin_AUSubType=JucePlugin_PluginCode",
					"JucePlugin_AUExportPrefix=PFMProject0AU",
					"JucePlugin_AUExportPrefixQuoted=\\\"PFMProject0AU\\\"",
					"JucePlugin_AUManufacturerCode=JucePlugin_ManufacturerCode",
					"JucePlugin_CFBundleIdentifier=com.yourcompany.PFMProject0",
					"JucePlugin_AAXIdentifier=com.yourcompany.PFMProject0",
					"JucePlugin_AAXManufacturerCode=JucePlugin_ManufacturerCode",
					"JucePlugin_AAXProductId=JucePlugin_PluginCode",
					"JucePlugin_AAXCategory=0",
					"JucePlugin_AAXDisableBypass=0",
					"JucePlugin_AAXDisableMultiMono=0",
					"JucePlugin_IAAType=0x61757278",
					"JucePlugin_IAASubType=JucePlugin_PluginCode",
					"JucePlugin_IAAName=\\\"yourcompany:\\ PFMProject0\\\"",
					"JucePlugin_VSTNumMidiInputs=16",
					"JucePlugin_VSTNumMidiOutputs=16",
					"JucePlugin_ARAContentTypes=0",
					"JucePlugin_ARATransformationFlags=0",
					"JucePlugin_ARAFactoryID=\\\"com.yourcompany.PFMProject0.factory\\\"",
					"JucePlugin_ARADocumentArchiveID=\\\"com.yourcompany.PFMProject0.aradocumentarchive.1.0.0\\\"",
					"JucePlugin_ARACompatibleArchiveIDs=\\\"\\\"",
					"JUCE_STANDALONE_APPLICATION=JucePlugin_Build_Standalone",
					"JUCER_XCODE_MAC_F6D2F4CF=1",
					"JUCE_APP_VERSION=1.0.0",
					"JUCE_APP_VERSION_HEX=0x10000",
				);
				GCC_VERSION = com.apple.compilers.llvm.clang.1_0;
				GENERATE_PKGINFO_FILE = YES;
				HEADER_SEARCH_PATHS = (
					"/Users/yuki/JUCE/modules/juce_audio_processors/format_types/VST3_SDK",
					"/Users/yuki/JUCE/VST_SDK",
					"$(SRCROOT)/../../JuceLibraryCode",
					"/Users/yuki/JUCE/modules",
					"/Users/yuki/JUCE/modules/juce_audio_plugin_client",
					"$(inherited)",
				);
				INFOPLIST_FILE = Info-AU.plist;
				INFOPLIST_PREPROCESS = NO;
				INSTALL_PATH = "$(HOME)/Library/Audio/Plug-Ins/Components/";
				LIBRARY_STYLE = Bundle;
				LLVM_LTO = YES;
				MACOSX_DEPLOYMENT_TARGET = 10.11;
				MTL_HEADER_SEARCH_PATHS = "/Users/yuki/JUCE/modules/juce_audio_processors/format_types/VST3_SDK /Users/yuki/JUCE/VST_SDK $(SRCROOT)/../../JuceLibraryCode /Users/yuki/JUCE/modules /Users/yuki/JUCE/modules/juce_audio_plugin_client";
				OTHER_LDFLAGS = "-bundle -lPFMProject0 -weak_framework Metal -weak_framework MetalKit";
				OTHER_REZFLAGS = "-d ppc_$ppc -d i386_$i386 -d ppc64_$ppc64 -d x86_64_$x86_64 -d arm64_$arm64 -I /System/Library/Frameworks/CoreServices.framework/Frameworks/CarbonCore.framework/Versions/A/Headers -I \"$(DEVELOPER_DIR)/Extras/CoreAudio/AudioUnits/AUPublic/AUBase\" -I \"$(DEVELOPER_DIR)/Platforms/MacOSX.platform/Developer/SDKs/MacOSX.sdk/System/Library/Frameworks/AudioUnit.framework/Headers\"";
				PRODUCT_BUNDLE_IDENTIFIER = com.yourcompany.PFMProject0;
				PRODUCT_NAME = "PFMProject0";
				USE_HEADERMAP = NO;
				VALID_ARCHS = "i386 x86_64 arm64 arm64e";
				WRAPPER_EXTENSION = component;
			};
			name = Release;
		};
		5DE839D9963692F4A766F461 /* Debug */ = {
			isa = XCBuildConfiguration;
			buildSettings = {
				CLANG_CXX_LANGUAGE_STANDARD = "c++14";
				CLANG_CXX_LIBRARY = "libc++";
				CLANG_LINK_OBJC_RUNTIME = NO;
				CODE_SIGN_IDENTITY = "";
				COMBINE_HIDPI_IMAGES = YES;
				CONFIGURATION_BUILD_DIR = "$(PROJECT_DIR)/build/$(CONFIGURATION)";
				COPY_PHASE_STRIP = NO;
				DEPLOYMENT_LOCATION = YES;
				DSTROOT = /;
				EXCLUDED_ARCHS = "";
				GCC_DYNAMIC_NO_PIC = NO;
				GCC_OPTIMIZATION_LEVEL = 0;
				GCC_PREPROCESSOR_DEFINITIONS = (
					"_DEBUG=1",
					"DEBUG=1",
					"JUCE_DISPLAY_SPLASH_SCREEN=1",
					"JUCE_USE_DARK_SPLASH_SCREEN=1",
					"JUCE_PROJUCER_VERSION=0x70002",
					"JUCE_MODULE_AVAILABLE_juce_audio_basics=1",
					"JUCE_MODULE_AVAILABLE_juce_audio_devices=1",
					"JUCE_MODULE_AVAILABLE_juce_audio_formats=1",
					"JUCE_MODULE_AVAILABLE_juce_audio_plugin_client=1",
					"JUCE_MODULE_AVAILABLE_juce_audio_processors=1",
					"JUCE_MODULE_AVAILABLE_juce_audio_utils=1",
					"JUCE_MODULE_AVAILABLE_juce_core=1",
					"JUCE_MODULE_AVAILABLE_juce_data_structures=1",
					"JUCE_MODULE_AVAILABLE_juce_events=1",
					"JUCE_MODULE_AVAILABLE_juce_graphics=1",
					"JUCE_MODULE_AVAILABLE_juce_gui_basics=1",
					"JUCE_MODULE_AVAILABLE_juce_gui_extra=1",
					"JUCE_GLOBAL_MODULE_SETTINGS_INCLUDED=1",
					"JUCE_VST3_CAN_REPLACE_VST2=0",
					"JUCE_STRICT_REFCOUNTEDPOINTER=1",
					"JucePlugin_Build_VST=0",
					"JucePlugin_Build_VST3=1",
					"JucePlugin_Build_AU=0",
					"JucePlugin_Build_AUv3=0",
					"JucePlugin_Build_AAX=0",
					"JucePlugin_Build_Standalone=0",
					"JucePlugin_Build_Unity=0",
					"JucePlugin_Build_LV2=0",
					"JucePlugin_Enable_IAA=0",
					"JucePlugin_Enable_ARA=0",
					"JucePlugin_Name=\\\"PFMProject0\\\"",
					"JucePlugin_Desc=\\\"PFMProject0\\\"",
					"JucePlugin_Manufacturer=\\\"yourcompany\\\"",
					"JucePlugin_ManufacturerWebsite=\\\"www.yourcompany.com\\\"",
					"JucePlugin_ManufacturerEmail=\\\"\\\"",
					"JucePlugin_ManufacturerCode=0x4d616e75",
					"JucePlugin_PluginCode=0x45796337",
					"JucePlugin_IsSynth=0",
					"JucePlugin_WantsMidiInput=0",
					"JucePlugin_ProducesMidiOutput=0",
					"JucePlugin_IsMidiEffect=0",
					"JucePlugin_EditorRequiresKeyboardFocus=0",
					"JucePlugin_Version=1.0.0",
					"JucePlugin_VersionCode=0x10000",
					"JucePlugin_VersionString=\\\"1.0.0\\\"",
					"JucePlugin_VSTUniqueID=JucePlugin_PluginCode",
					"JucePlugin_VSTCategory=kPlugCategEffect",
					"JucePlugin_Vst3Category=\\\"Fx\\\"",
					"JucePlugin_AUMainType=\\'aufx\\'",
					"JucePlugin_AUSubType=JucePlugin_PluginCode",
					"JucePlugin_AUExportPrefix=PFMProject0AU",
					"JucePlugin_AUExportPrefixQuoted=\\\"PFMProject0AU\\\"",
					"JucePlugin_AUManufacturerCode=JucePlugin_ManufacturerCode",
					"JucePlugin_CFBundleIdentifier=com.yourcompany.PFMProject0",
					"JucePlugin_AAXIdentifier=com.yourcompany.PFMProject0",
					"JucePlugin_AAXManufacturerCode=JucePlugin_ManufacturerCode",
					"JucePlugin_AAXProductId=JucePlugin_PluginCode",
					"JucePlugin_AAXCategory=0",
					"JucePlugin_AAXDisableBypass=0",
					"JucePlugin_AAXDisableMultiMono=0",
					"JucePlugin_IAAType=0x61757278",
					"JucePlugin_IAASubType=JucePlugin_PluginCode",
					"JucePlugin_IAAName=\\\"yourcompany:\\ PFMProject0\\\"",
					"JucePlugin_VSTNumMidiInputs=16",
					"JucePlugin_VSTNumMidiOutputs=16",
					"JucePlugin_ARAContentTypes=0",
					"JucePlugin_ARATransformationFlags=0",
					"JucePlugin_ARAFactoryID=\\\"com.yourcompany.PFMProject0.factory\\\"",
					"JucePlugin_ARADocumentArchiveID=\\\"com.yourcompany.PFMProject0.aradocumentarchive.1.0.0\\\"",
					"JucePlugin_ARACompatibleArchiveIDs=\\\"\\\"",
					"JUCE_STANDALONE_APPLICATION=JucePlugin_Build_Standalone",
					"JUCER_XCODE_MAC_F6D2F4CF=1",
					"JUCE_APP_VERSION=1.0.0",
					"JUCE_APP_VERSION_HEX=0x10000",
				);
				GCC_VERSION = com.apple.compilers.llvm.clang.1_0;
				GENERATE_PKGINFO_FILE = YES;
				HEADER_SEARCH_PATHS = (
					"/Users/yuki/JUCE/modules/juce_audio_processors/format_types/VST3_SDK",
					"/Users/yuki/JUCE/VST_SDK",
					"$(SRCROOT)/../../JuceLibraryCode",
					"/Users/yuki/JUCE/modules",
					"/Users/yuki/JUCE/modules/juce_audio_plugin_client",
					"$(inherited)",
				);
				INFOPLIST_FILE = Info-VST3.plist;
				INFOPLIST_PREPROCESS = NO;
				INSTALL_PATH = "$(HOME)/Library/Audio/Plug-Ins/VST3/";
				LIBRARY_STYLE = Bundle;
				MACOSX_DEPLOYMENT_TARGET = 10.11;
				MTL_HEADER_SEARCH_PATHS = "/Users/yuki/JUCE/modules/juce_audio_processors/format_types/VST3_SDK /Users/yuki/JUCE/VST_SDK $(SRCROOT)/../../JuceLibraryCode /Users/yuki/JUCE/modules /Users/yuki/JUCE/modules/juce_audio_plugin_client";
				OTHER_LDFLAGS = "-bundle -lPFMProject0 -weak_framework Metal -weak_framework MetalKit";
				PRODUCT_BUNDLE_IDENTIFIER = com.yourcompany.PFMProject0;
				PRODUCT_NAME = "PFMProject0";
				USE_HEADERMAP = NO;
				VALID_ARCHS = "i386 x86_64 arm64 arm64e";
				WRAPPER_EXTENSION = vst3;
			};
			name = Debug;
		};
		8F1336BA8B23294D5756AE97 /* Release */ = {
			isa = XCBuildConfiguration;
			buildSettings = {
				MACOSX_DEPLOYMENT_TARGET = 10.11;
				SDKROOT = macosx;
			};
			name = Release;
		};
		A34B18C8F730AC1E13D3B223 /* Debug */ = {
			isa = XCBuildConfiguration;
			buildSettings = {
				CLANG_CXX_LANGUAGE_STANDARD = "c++14";
				CLANG_CXX_LIBRARY = "libc++";
				CLANG_LINK_OBJC_RUNTIME = NO;
				CODE_SIGN_IDENTITY = "";
				COMBINE_HIDPI_IMAGES = YES;
				CONFIGURATION_BUILD_DIR = "$(PROJECT_DIR)/build/$(CONFIGURATION)";
				COPY_PHASE_STRIP = NO;
				EXCLUDED_ARCHS = "";
				GCC_DYNAMIC_NO_PIC = NO;
				GCC_OPTIMIZATION_LEVEL = 0;
				GCC_PREPROCESSOR_DEFINITIONS = (
					"_DEBUG=1",
					"DEBUG=1",
					"JUCE_DISPLAY_SPLASH_SCREEN=1",
					"JUCE_USE_DARK_SPLASH_SCREEN=1",
					"JUCE_PROJUCER_VERSION=0x70002",
					"JUCE_MODULE_AVAILABLE_juce_audio_basics=1",
					"JUCE_MODULE_AVAILABLE_juce_audio_devices=1",
					"JUCE_MODULE_AVAILABLE_juce_audio_formats=1",
					"JUCE_MODULE_AVAILABLE_juce_audio_plugin_client=1",
					"JUCE_MODULE_AVAILABLE_juce_audio_processors=1",
					"JUCE_MODULE_AVAILABLE_juce_audio_utils=1",
					"JUCE_MODULE_AVAILABLE_juce_core=1",
					"JUCE_MODULE_AVAILABLE_juce_data_structures=1",
					"JUCE_MODULE_AVAILABLE_juce_events=1",
					"JUCE_MODULE_AVAILABLE_juce_graphics=1",
					"JUCE_MODULE_AVAILABLE_juce_gui_basics=1",
					"JUCE_MODULE_AVAILABLE_juce_gui_extra=1",
					"JUCE_GLOBAL_MODULE_SETTINGS_INCLUDED=1",
					"JUCE_VST3_CAN_REPLACE_VST2=0",
					"JUCE_STRICT_REFCOUNTEDPOINTER=1",
					"JucePlugin_Build_VST=0",
					"JucePlugin_Build_VST3=1",
					"JucePlugin_Build_AU=1",
					"JucePlugin_Build_AUv3=0",
					"JucePlugin_Build_AAX=0",
					"JucePlugin_Build_Standalone=1",
					"JucePlugin_Build_Unity=0",
					"JucePlugin_Build_LV2=0",
					"JucePlugin_Enable_IAA=0",
					"JucePlugin_Enable_ARA=0",
					"JucePlugin_Name=\\\"PFMProject0\\\"",
					"JucePlugin_Desc=\\\"PFMProject0\\\"",
					"JucePlugin_Manufacturer=\\\"yourcompany\\\"",
					"JucePlugin_ManufacturerWebsite=\\\"www.yourcompany.com\\\"",
					"JucePlugin_ManufacturerEmail=\\\"\\\"",
					"JucePlugin_ManufacturerCode=0x4d616e75",
					"JucePlugin_PluginCode=0x45796337",
					"JucePlugin_IsSynth=0",
					"JucePlugin_WantsMidiInput=0",
					"JucePlugin_ProducesMidiOutput=0",
					"JucePlugin_IsMidiEffect=0",
					"JucePlugin_EditorRequiresKeyboardFocus=0",
					"JucePlugin_Version=1.0.0",
					"JucePlugin_VersionCode=0x10000",
					"JucePlugin_VersionString=\\\"1.0.0\\\"",
					"JucePlugin_VSTUniqueID=JucePlugin_PluginCode",
					"JucePlugin_VSTCategory=kPlugCategEffect",
					"JucePlugin_Vst3Category=\\\"Fx\\\"",
					"JucePlugin_AUMainType=\\'aufx\\'",
					"JucePlugin_AUSubType=JucePlugin_PluginCode",
					"JucePlugin_AUExportPrefix=PFMProject0AU",
					"JucePlugin_AUExportPrefixQuoted=\\\"PFMProject0AU\\\"",
					"JucePlugin_AUManufacturerCode=JucePlugin_ManufacturerCode",
					"JucePlugin_CFBundleIdentifier=com.yourcompany.PFMProject0",
					"JucePlugin_AAXIdentifier=com.yourcompany.PFMProject0",
					"JucePlugin_AAXManufacturerCode=JucePlugin_ManufacturerCode",
					"JucePlugin_AAXProductId=JucePlugin_PluginCode",
					"JucePlugin_AAXCategory=0",
					"JucePlugin_AAXDisableBypass=0",
					"JucePlugin_AAXDisableMultiMono=0",
					"JucePlugin_IAAType=0x61757278",
					"JucePlugin_IAASubType=JucePlugin_PluginCode",
					"JucePlugin_IAAName=\\\"yourcompany:\\ PFMProject0\\\"",
					"JucePlugin_VSTNumMidiInputs=16",
					"JucePlugin_VSTNumMidiOutputs=16",
					"JucePlugin_ARAContentTypes=0",
					"JucePlugin_ARATransformationFlags=0",
					"JucePlugin_ARAFactoryID=\\\"com.yourcompany.PFMProject0.factory\\\"",
					"JucePlugin_ARADocumentArchiveID=\\\"com.yourcompany.PFMProject0.aradocumentarchive.1.0.0\\\"",
					"JucePlugin_ARACompatibleArchiveIDs=\\\"\\\"",
					"JUCE_STANDALONE_APPLICATION=JucePlugin_Build_Standalone",
					"JUCER_XCODE_MAC_F6D2F4CF=1",
					"JUCE_APP_VERSION=1.0.0",
					"JUCE_APP_VERSION_HEX=0x10000",
					"JUCE_SHARED_CODE=1",
				);
				GCC_VERSION = com.apple.compilers.llvm.clang.1_0;
				HEADER_SEARCH_PATHS = (
					"/Users/yuki/JUCE/modules/juce_audio_processors/format_types/VST3_SDK",
					"/Users/yuki/JUCE/VST_SDK",
					"$(SRCROOT)/../../JuceLibraryCode",
					"/Users/yuki/JUCE/modules",
					"/Users/yuki/JUCE/modules/juce_audio_plugin_client",
					"$(inherited)",
				);
				INSTALL_PATH = "@executable_path/../Frameworks";
				MACOSX_DEPLOYMENT_TARGET = 10.11;
				MTL_HEADER_SEARCH_PATHS = "/Users/yuki/JUCE/modules/juce_audio_processors/format_types/VST3_SDK /Users/yuki/JUCE/VST_SDK $(SRCROOT)/../../JuceLibraryCode /Users/yuki/JUCE/modules /Users/yuki/JUCE/modules/juce_audio_plugin_client";
				OTHER_LDFLAGS = "-weak_framework Metal -weak_framework MetalKit";
				PRODUCT_BUNDLE_IDENTIFIER = com.yourcompany.PFMProject0;
				PRODUCT_NAME = "PFMProject0";
				SKIP_INSTALL = YES;
				USE_HEADERMAP = NO;
				VALID_ARCHS = "i386 x86_64 arm64 arm64e";
			};
			name = Debug;
		};
		B60578B801B804B63078946F /* Release */ = {
			isa = XCBuildConfiguration;
			buildSettings = {
				CLANG_CXX_LANGUAGE_STANDARD = "c++14";
				CLANG_CXX_LIBRARY = "libc++";
				CLANG_LINK_OBJC_RUNTIME = NO;
				CODE_SIGN_IDENTITY = "";
				COMBINE_HIDPI_IMAGES = YES;
				CONFIGURATION_BUILD_DIR = "$(PROJECT_DIR)/build/$(CONFIGURATION)";
				DEAD_CODE_STRIPPING = YES;
				EXCLUDED_ARCHS = "";
				GCC_GENERATE_DEBUGGING_SYMBOLS = NO;
				GCC_OPTIMIZATION_LEVEL = 3;
				GCC_PREPROCESSOR_DEFINITIONS = (
					"_NDEBUG=1",
					"NDEBUG=1",
					"JUCE_DISPLAY_SPLASH_SCREEN=1",
					"JUCE_USE_DARK_SPLASH_SCREEN=1",
					"JUCE_PROJUCER_VERSION=0x70002",
					"JUCE_MODULE_AVAILABLE_juce_audio_basics=1",
					"JUCE_MODULE_AVAILABLE_juce_audio_devices=1",
					"JUCE_MODULE_AVAILABLE_juce_audio_formats=1",
					"JUCE_MODULE_AVAILABLE_juce_audio_plugin_client=1",
					"JUCE_MODULE_AVAILABLE_juce_audio_processors=1",
					"JUCE_MODULE_AVAILABLE_juce_audio_utils=1",
					"JUCE_MODULE_AVAILABLE_juce_core=1",
					"JUCE_MODULE_AVAILABLE_juce_data_structures=1",
					"JUCE_MODULE_AVAILABLE_juce_events=1",
					"JUCE_MODULE_AVAILABLE_juce_graphics=1",
					"JUCE_MODULE_AVAILABLE_juce_gui_basics=1",
					"JUCE_MODULE_AVAILABLE_juce_gui_extra=1",
					"JUCE_GLOBAL_MODULE_SETTINGS_INCLUDED=1",
					"JUCE_VST3_CAN_REPLACE_VST2=0",
					"JUCE_STRICT_REFCOUNTEDPOINTER=1",
					"JucePlugin_Build_VST=0",
					"JucePlugin_Build_VST3=0",
					"JucePlugin_Build_AU=0",
					"JucePlugin_Build_AUv3=0",
					"JucePlugin_Build_AAX=0",
					"JucePlugin_Build_Standalone=1",
					"JucePlugin_Build_Unity=0",
					"JucePlugin_Build_LV2=0",
					"JucePlugin_Enable_IAA=0",
					"JucePlugin_Enable_ARA=0",
					"JucePlugin_Name=\\\"PFMProject0\\\"",
					"JucePlugin_Desc=\\\"PFMProject0\\\"",
					"JucePlugin_Manufacturer=\\\"yourcompany\\\"",
					"JucePlugin_ManufacturerWebsite=\\\"www.yourcompany.com\\\"",
					"JucePlugin_ManufacturerEmail=\\\"\\\"",
					"JucePlugin_ManufacturerCode=0x4d616e75",
					"JucePlugin_PluginCode=0x45796337",
					"JucePlugin_IsSynth=0",
					"JucePlugin_WantsMidiInput=0",
					"JucePlugin_ProducesMidiOutput=0",
					"JucePlugin_IsMidiEffect=0",
					"JucePlugin_EditorRequiresKeyboardFocus=0",
					"JucePlugin_Version=1.0.0",
					"JucePlugin_VersionCode=0x10000",
					"JucePlugin_VersionString=\\\"1.0.0\\\"",
					"JucePlugin_VSTUniqueID=JucePlugin_PluginCode",
					"JucePlugin_VSTCategory=kPlugCategEffect",
					"JucePlugin_Vst3Category=\\\"Fx\\\"",
					"JucePlugin_AUMainType=\\'aufx\\'",
					"JucePlugin_AUSubType=JucePlugin_PluginCode",
					"JucePlugin_AUExportPrefix=PFMProject0AU",
					"JucePlugin_AUExportPrefixQuoted=\\\"PFMProject0AU\\\"",
					"JucePlugin_AUManufacturerCode=JucePlugin_ManufacturerCode",
					"JucePlugin_CFBundleIdentifier=com.yourcompany.PFMProject0",
					"JucePlugin_AAXIdentifier=com.yourcompany.PFMProject0",
					"JucePlugin_AAXManufacturerCode=JucePlugin_ManufacturerCode",
					"JucePlugin_AAXProductId=JucePlugin_PluginCode",
					"JucePlugin_AAXCategory=0",
					"JucePlugin_AAXDisableBypass=0",
					"JucePlugin_AAXDisableMultiMono=0",
					"JucePlugin_IAAType=0x61757278",
					"JucePlugin_IAASubType=JucePlugin_PluginCode",
					"JucePlugin_IAAName=\\\"yourcompany:\\ PFMProject0\\\"",
					"JucePlugin_VSTNumMidiInputs=16",
					"JucePlugin_VSTNumMidiOutputs=16",
					"JucePlugin_ARAContentTypes=0",
					"JucePlugin_ARATransformationFlags=0",
					"JucePlugin_ARAFactoryID=\\\"com.yourcompany.PFMProject0.factory\\\"",
					"JucePlugin_ARADocumentArchiveID=\\\"com.yourcompany.PFMProject0.aradocumentarchive.1.0.0\\\"",
					"JucePlugin_ARACompatibleArchiveIDs=\\\"\\\"",
					"JUCE_STANDALONE_APPLICATION=JucePlugin_Build_Standalone",
					"JUCER_XCODE_MAC_F6D2F4CF=1",
					"JUCE_APP_VERSION=1.0.0",
					"JUCE_APP_VERSION_HEX=0x10000",
				);
				GCC_VERSION = com.apple.compilers.llvm.clang.1_0;
				HEADER_SEARCH_PATHS = (
					"/Users/yuki/JUCE/modules/juce_audio_processors/format_types/VST3_SDK",
					"/Users/yuki/JUCE/VST_SDK",
					"$(SRCROOT)/../../JuceLibraryCode",
					"/Users/yuki/JUCE/modules",
					"/Users/yuki/JUCE/modules/juce_audio_plugin_client",
					"$(inherited)",
				);
				INFOPLIST_FILE = Info-Standalone_Plugin.plist;
				INFOPLIST_PREPROCESS = NO;
				LLVM_LTO = YES;
				MACOSX_DEPLOYMENT_TARGET = 10.11;
				MTL_HEADER_SEARCH_PATHS = "/Users/yuki/JUCE/modules/juce_audio_processors/format_types/VST3_SDK /Users/yuki/JUCE/VST_SDK $(SRCROOT)/../../JuceLibraryCode /Users/yuki/JUCE/modules /Users/yuki/JUCE/modules/juce_audio_plugin_client";
				OTHER_LDFLAGS = "-lPFMProject0 -weak_framework Metal -weak_framework MetalKit";
				PRODUCT_BUNDLE_IDENTIFIER = com.yourcompany.PFMProject0;
				PRODUCT_NAME = "PFMProject0";
				USE_HEADERMAP = NO;
				VALID_ARCHS = "i386 x86_64 arm64 arm64e";
			};
			name = Release;
		};
		C68CB449CA449C82A209B1C9 /* Release */ = {
			isa = XCBuildConfiguration;
			buildSettings = {
				ALWAYS_SEARCH_USER_PATHS = NO;
				CLANG_ENABLE_OBJC_WEAK = YES;
				CLANG_WARN_BLOCK_CAPTURE_AUTORELEASING = YES;
				CLANG_WARN_BOOL_CONVERSION = YES;
				CLANG_WARN_COMMA = YES;
				CLANG_WARN_CONSTANT_CONVERSION = YES;
				CLANG_WARN_DEPRECATED_OBJC_IMPLEMENTATIONS = YES;
				CLANG_WARN_EMPTY_BODY = YES;
				CLANG_WARN_ENUM_CONVERSION = YES;
				CLANG_WARN_INFINITE_RECURSION = YES;
				CLANG_WARN_INT_CONVERSION = YES;
				CLANG_WARN_NON_LITERAL_NULL_CONVERSION = YES;
				CLANG_WARN_OBJC_IMPLICIT_RETAIN_SELF = YES;
				CLANG_WARN_OBJC_LITERAL_CONVERSION = YES;
				CLANG_WARN_RANGE_LOOP_ANALYSIS = YES;
				CLANG_WARN_STRICT_PROTOTYPES = YES;
				CLANG_WARN_SUSPICIOUS_MOVE = YES;
				CLANG_WARN_UNREACHABLE_CODE = YES;
				CLANG_WARN__DUPLICATE_METHOD_MATCH = YES;
				CODE_SIGN_IDENTITY = "";
				DEBUG_INFORMATION_FORMAT = dwarf;
				ENABLE_STRICT_OBJC_MSGSEND = YES;
				ENABLE_TESTABILITY = NO;
				GCC_C_LANGUAGE_STANDARD = c11;
				GCC_INLINES_ARE_PRIVATE_EXTERN = YES;
				GCC_MODEL_TUNING = G5;
				GCC_NO_COMMON_BLOCKS = YES;
				GCC_SYMBOLS_PRIVATE_EXTERN = YES;
				GCC_WARN_64_TO_32_BIT_CONVERSION = YES;
				GCC_WARN_ABOUT_RETURN_TYPE = YES;
				GCC_WARN_CHECK_SWITCH_STATEMENTS = YES;
				GCC_WARN_MISSING_PARENTHESES = YES;
				GCC_WARN_NON_VIRTUAL_DESTRUCTOR = YES;
				GCC_WARN_TYPECHECK_CALLS_TO_PRINTF = YES;
				GCC_WARN_UNDECLARED_SELECTOR = YES;
				GCC_WARN_UNINITIALIZED_AUTOS = YES;
				GCC_WARN_UNUSED_FUNCTION = YES;
				GCC_WARN_UNUSED_VARIABLE = YES;
				PRODUCT_NAME = "PFMProject0";
				SDKROOT = macosx;
				WARNING_CFLAGS = "-Wreorder";
				ZERO_LINK = NO;
			};
			name = Release;
		};
		D5DDEDDBA0C29333DEBB9099 /* Debug */ = {
			isa = XCBuildConfiguration;
			buildSettings = {
				ALWAYS_SEARCH_USER_PATHS = NO;
				CLANG_ENABLE_OBJC_WEAK = YES;
				CLANG_WARN_BLOCK_CAPTURE_AUTORELEASING = YES;
				CLANG_WARN_BOOL_CONVERSION = YES;
				CLANG_WARN_COMMA = YES;
				CLANG_WARN_CONSTANT_CONVERSION = YES;
				CLANG_WARN_DEPRECATED_OBJC_IMPLEMENTATIONS = YES;
				CLANG_WARN_EMPTY_BODY = YES;
				CLANG_WARN_ENUM_CONVERSION = YES;
				CLANG_WARN_INFINITE_RECURSION = YES;
				CLANG_WARN_INT_CONVERSION = YES;
				CLANG_WARN_NON_LITERAL_NULL_CONVERSION = YES;
				CLANG_WARN_OBJC_IMPLICIT_RETAIN_SELF = YES;
				CLANG_WARN_OBJC_LITERAL_CONVERSION = YES;
				CLANG_WARN_RANGE_LOOP_ANALYSIS = YES;
				CLANG_WARN_STRICT_PROTOTYPES = YES;
				CLANG_WARN_SUSPICIOUS_MOVE = YES;
				CLANG_WARN_UNREACHABLE_CODE = YES;
				CLANG_WARN__DUPLICATE_METHOD_MATCH = YES;
				CODE_SIGN_IDENTITY = "";
				DEBUG_INFORMATION_FORMAT = dwarf;
				ENABLE_STRICT_OBJC_MSGSEND = YES;
				ENABLE_TESTABILITY = NO;
				GCC_C_LANGUAGE_STANDARD = c11;
				GCC_INLINES_ARE_PRIVATE_EXTERN = YES;
				GCC_MODEL_TUNING = G5;
				GCC_NO_COMMON_BLOCKS = YES;
				GCC_SYMBOLS_PRIVATE_EXTERN = YES;
				GCC_WARN_64_TO_32_BIT_CONVERSION = YES;
				GCC_WARN_ABOUT_RETURN_TYPE = YES;
				GCC_WARN_CHECK_SWITCH_STATEMENTS = YES;
				GCC_WARN_MISSING_PARENTHESES = YES;
				GCC_WARN_NON_VIRTUAL_DESTRUCTOR = YES;
				GCC_WARN_TYPECHECK_CALLS_TO_PRINTF = YES;
				GCC_WARN_UNDECLARED_SELECTOR = YES;
				GCC_WARN_UNINITIALIZED_AUTOS = YES;
				GCC_WARN_UNUSED_FUNCTION = YES;
				GCC_WARN_UNUSED_VARIABLE = YES;
				ONLY_ACTIVE_ARCH = YES;
				PRODUCT_NAME = "PFMProject0";
				SDKROOT = macosx;
				WARNING_CFLAGS = "-Wreorder";
				ZERO_LINK = NO;
			};
			name = Debug;
		};
		F8ECF8DCEC71E0CB46C661AF /* Release */ = {
			isa = XCBuildConfiguration;
			buildSettings = {
				CLANG_CXX_LANGUAGE_STANDARD = "c++14";
				CLANG_CXX_LIBRARY = "libc++";
				CLANG_LINK_OBJC_RUNTIME = NO;
				CODE_SIGN_IDENTITY = "";
				COMBINE_HIDPI_IMAGES = YES;
				CONFIGURATION_BUILD_DIR = "$(PROJECT_DIR)/build/$(CONFIGURATION)";
				DEAD_CODE_STRIPPING = YES;
				EXCLUDED_ARCHS = "";
				GCC_GENERATE_DEBUGGING_SYMBOLS = NO;
				GCC_OPTIMIZATION_LEVEL = 3;
				GCC_PREPROCESSOR_DEFINITIONS = (
					"_NDEBUG=1",
					"NDEBUG=1",
					"JUCE_DISPLAY_SPLASH_SCREEN=1",
					"JUCE_USE_DARK_SPLASH_SCREEN=1",
					"JUCE_PROJUCER_VERSION=0x70002",
					"JUCE_MODULE_AVAILABLE_juce_audio_basics=1",
					"JUCE_MODULE_AVAILABLE_juce_audio_devices=1",
					"JUCE_MODULE_AVAILABLE_juce_audio_formats=1",
					"JUCE_MODULE_AVAILABLE_juce_audio_plugin_client=1",
					"JUCE_MODULE_AVAILABLE_juce_audio_processors=1",
					"JUCE_MODULE_AVAILABLE_juce_audio_utils=1",
					"JUCE_MODULE_AVAILABLE_juce_core=1",
					"JUCE_MODULE_AVAILABLE_juce_data_structures=1",
					"JUCE_MODULE_AVAILABLE_juce_events=1",
					"JUCE_MODULE_AVAILABLE_juce_graphics=1",
					"JUCE_MODULE_AVAILABLE_juce_gui_basics=1",
					"JUCE_MODULE_AVAILABLE_juce_gui_extra=1",
					"JUCE_GLOBAL_MODULE_SETTINGS_INCLUDED=1",
					"JUCE_VST3_CAN_REPLACE_VST2=0",
					"JUCE_STRICT_REFCOUNTEDPOINTER=1",
					"JucePlugin_Build_VST=0",
					"JucePlugin_Build_VST3=1",
					"JucePlugin_Build_AU=1",
					"JucePlugin_Build_AUv3=0",
					"JucePlugin_Build_AAX=0",
					"JucePlugin_Build_Standalone=1",
					"JucePlugin_Build_Unity=0",
					"JucePlugin_Build_LV2=0",
					"JucePlugin_Enable_IAA=0",
					"JucePlugin_Enable_ARA=0",
					"JucePlugin_Name=\\\"PFMProject0\\\"",
					"JucePlugin_Desc=\\\"PFMProject0\\\"",
					"JucePlugin_Manufacturer=\\\"yourcompany\\\"",
					"JucePlugin_ManufacturerWebsite=\\\"www.yourcompany.com\\\"",
					"JucePlugin_ManufacturerEmail=\\\"\\\"",
					"JucePlugin_ManufacturerCode=0x4d616e75",
					"JucePlugin_PluginCode=0x45796337",
					"JucePlugin_IsSynth=0",
					"JucePlugin_WantsMidiInput=0",
					"JucePlugin_ProducesMidiOutput=0",
					"JucePlugin_IsMidiEffect=0",
					"JucePlugin_EditorRequiresKeyboardFocus=0",
					"JucePlugin_Version=1.0.0",
					"JucePlugin_VersionCode=0x10000",
					"JucePlugin_VersionString=\\\"1.0.0\\\"",
					"JucePlugin_VSTUniqueID=JucePlugin_PluginCode",
					"JucePlugin_VSTCategory=kPlugCategEffect",
					"JucePlugin_Vst3Category=\\\"Fx\\\"",
					"JucePlugin_AUMainType=\\'aufx\\'",
					"JucePlugin_AUSubType=JucePlugin_PluginCode",
					"JucePlugin_AUExportPrefix=PFMProject0AU",
					"JucePlugin_AUExportPrefixQuoted=\\\"PFMProject0AU\\\"",
					"JucePlugin_AUManufacturerCode=JucePlugin_ManufacturerCode",
					"JucePlugin_CFBundleIdentifier=com.yourcompany.PFMProject0",
					"JucePlugin_AAXIdentifier=com.yourcompany.PFMProject0",
					"JucePlugin_AAXManufacturerCode=JucePlugin_ManufacturerCode",
					"JucePlugin_AAXProductId=JucePlugin_PluginCode",
					"JucePlugin_AAXCategory=0",
					"JucePlugin_AAXDisableBypass=0",
					"JucePlugin_AAXDisableMultiMono=0",
					"JucePlugin_IAAType=0x61757278",
					"JucePlugin_IAASubType=JucePlugin_PluginCode",
					"JucePlugin_IAAName=\\\"yourcompany:\\ PFMProject0\\\"",
					"JucePlugin_VSTNumMidiInputs=16",
					"JucePlugin_VSTNumMidiOutputs=16",
					"JucePlugin_ARAContentTypes=0",
					"JucePlugin_ARATransformationFlags=0",
					"JucePlugin_ARAFactoryID=\\\"com.yourcompany.PFMProject0.factory\\\"",
					"JucePlugin_ARADocumentArchiveID=\\\"com.yourcompany.PFMProject0.aradocumentarchive.1.0.0\\\"",
					"JucePlugin_ARACompatibleArchiveIDs=\\\"\\\"",
					"JUCE_STANDALONE_APPLICATION=JucePlugin_Build_Standalone",
					"JUCER_XCODE_MAC_F6D2F4CF=1",
					"JUCE_APP_VERSION=1.0.0",
					"JUCE_APP_VERSION_HEX=0x10000",
					"JUCE_SHARED_CODE=1",
				);
				GCC_VERSION = com.apple.compilers.llvm.clang.1_0;
				HEADER_SEARCH_PATHS = (
					"/Users/yuki/JUCE/modules/juce_audio_processors/format_types/VST3_SDK",
					"/Users/yuki/JUCE/VST_SDK",
					"$(SRCROOT)/../../JuceLibraryCode",
					"/Users/yuki/JUCE/modules",
					"/Users/yuki/JUCE/modules/juce_audio_plugin_client",
					"$(inherited)",
				);
				INSTALL_PATH = "@executable_path/../Frameworks";
				LLVM_LTO = YES;
				MACOSX_DEPLOYMENT_TARGET = 10.11;
				MTL_HEADER_SEARCH_PATHS = "/Users/yuki/JUCE/modules/juce_audio_processors/format_types/VST3_SDK /Users/yuki/JUCE/VST_SDK $(SRCROOT)/../../JuceLibraryCode /Users/yuki/JUCE/modules /Users/yuki/JUCE/modules/juce_audio_plugin_client";
				OTHER_LDFLAGS = "-weak_framework Metal -weak_framework MetalKit";
				PRODUCT_BUNDLE_IDENTIFIER = com.yourcompany.PFMProject0;
				PRODUCT_NAME = "PFMProject0";
				SKIP_INSTALL = YES;
				USE_HEADERMAP = NO;
				VALID_ARCHS = "i386 x86_64 arm64 arm64e";
			};
			name = Release;
		};
		F94FC0F828F7E8457AA358AF /* Debug */ = {
			isa = XCBuildConfiguration;
			buildSettings = {
				MACOSX_DEPLOYMENT_TARGET = 10.11;
				SDKROOT = macosx;
			};
			name = Debug;
		};
/* End XCBuildConfiguration section */

/* Begin XCConfigurationList section */
		0036BFC8C1ED9C487BC931A0 = {
			isa = XCConfigurationList;
			buildConfigurations = (
				5DE839D9963692F4A766F461,
				3C0D164D58BC50C725B0FA3E,
			);
			defaultConfigurationIsVisible = 0;
			defaultConfigurationName = Debug;
		};
		4F5BE4D3365E1313A425EEEF = {
			isa = XCConfigurationList;
			buildConfigurations = (
				A34B18C8F730AC1E13D3B223,
				F8ECF8DCEC71E0CB46C661AF,
			);
			defaultConfigurationIsVisible = 0;
			defaultConfigurationName = Debug;
		};
		855F6297BA099EFF57A75657 = {
			isa = XCConfigurationList;
			buildConfigurations = (
				04413B44F5526B71A705D71D,
				B60578B801B804B63078946F,
			);
			defaultConfigurationIsVisible = 0;
			defaultConfigurationName = Debug;
		};
		BF4AC2FEDB23754F341A2161 = {
			isa = XCConfigurationList;
			buildConfigurations = (
				C68CB449CA449C82A209B1C9,
				D5DDEDDBA0C29333DEBB9099,
			);
			defaultConfigurationIsVisible = 0;
			defaultConfigurationName = Debug;
		};
		ED24C772E74D03D3F3B2E832 = {
			isa = XCConfigurationList;
			buildConfigurations = (
				45FAC32A764D028B8EF6AEB5,
				5C37302FD590E369B17A0FE8,
			);
			defaultConfigurationIsVisible = 0;
			defaultConfigurationName = Debug;
		};
		F28322A961E5B0434E86A523 = {
			isa = XCConfigurationList;
			buildConfigurations = (
				F94FC0F828F7E8457AA358AF,
				8F1336BA8B23294D5756AE97,
			);
			defaultConfigurationIsVisible = 0;
			defaultConfigurationName = Debug;
		};
/* End XCConfigurationList section */
	};
	rootObject = 1765B90240393F7F25A0EC56 /* Project object */;
}
